// !$*UTF8*$!
{
	archiveVersion = 1;
	classes = {
	};
	objectVersion = 46;
	objects = {

/* Begin PBXBuildFile section */
		E488A0D81C1F761F0041DFCF /* app in Resources */ = {isa = PBXBuildFile; fileRef = E488A0D71C1F761F0041DFCF /* app */; };
		E488A0F91C1F76A40041DFCF /* test in Resources */ = {isa = PBXBuildFile; fileRef = E488A0F81C1F76A40041DFCF /* test */; };
		E488A1011C1F771D0041DFCF /* lib in Resources */ = {isa = PBXBuildFile; fileRef = E488A0831C1F715D0041DFCF /* lib */; };
		E488A1021C1F771D0041DFCF /* lib in Resources */ = {isa = PBXBuildFile; fileRef = E488A0831C1F715D0041DFCF /* lib */; };
		E488A1031C1F772D0041DFCF /* NKJavaScriptBridge.swift in Sources */ = {isa = PBXBuildFile; fileRef = E488A0581C1F70650041DFCF /* NKJavaScriptBridge.swift */; };
		E488A1041C1F772D0041DFCF /* NKJSContextFactory.swift in Sources */ = {isa = PBXBuildFile; fileRef = E488A0591C1F70650041DFCF /* NKJSContextFactory.swift */; };
		E488A1051C1F772D0041DFCF /* NKNodeKit.swift in Sources */ = {isa = PBXBuildFile; fileRef = E488A05A1C1F70650041DFCF /* NKNodeKit.swift */; };
		E488A1061C1F772D0041DFCF /* NKTypeAlias.swift in Sources */ = {isa = PBXBuildFile; fileRef = E488A05B1C1F70650041DFCF /* NKTypeAlias.swift */; };
		E488A1071C1F772E0041DFCF /* NKJavaScriptBridge.swift in Sources */ = {isa = PBXBuildFile; fileRef = E488A0581C1F70650041DFCF /* NKJavaScriptBridge.swift */; };
		E488A1081C1F772E0041DFCF /* NKJSContextFactory.swift in Sources */ = {isa = PBXBuildFile; fileRef = E488A0591C1F70650041DFCF /* NKJSContextFactory.swift */; };
		E488A1091C1F772E0041DFCF /* NKNodeKit.swift in Sources */ = {isa = PBXBuildFile; fileRef = E488A05A1C1F70650041DFCF /* NKNodeKit.swift */; };
		E488A10A1C1F772E0041DFCF /* NKTypeAlias.swift in Sources */ = {isa = PBXBuildFile; fileRef = E488A05B1C1F70650041DFCF /* NKTypeAlias.swift */; };
		E488A10B1C1F77310041DFCF /* NKFileSystem.swift in Sources */ = {isa = PBXBuildFile; fileRef = E488A0431C1F70450041DFCF /* NKFileSystem.swift */; };
		E488A10C1C1F77310041DFCF /* NKSocketTCP.swift in Sources */ = {isa = PBXBuildFile; fileRef = E488A0441C1F70450041DFCF /* NKSocketTCP.swift */; };
		E488A10D1C1F77310041DFCF /* NKSocketUDP.swift in Sources */ = {isa = PBXBuildFile; fileRef = E488A0451C1F70450041DFCF /* NKSocketUDP.swift */; };
		E488A10E1C1F77310041DFCF /* NKTimer.swift in Sources */ = {isa = PBXBuildFile; fileRef = E488A0461C1F70450041DFCF /* NKTimer.swift */; };
		E488A10F1C1F77320041DFCF /* NKFileSystem.swift in Sources */ = {isa = PBXBuildFile; fileRef = E488A0431C1F70450041DFCF /* NKFileSystem.swift */; };
		E488A1101C1F77320041DFCF /* NKSocketTCP.swift in Sources */ = {isa = PBXBuildFile; fileRef = E488A0441C1F70450041DFCF /* NKSocketTCP.swift */; };
		E488A1111C1F77320041DFCF /* NKSocketUDP.swift in Sources */ = {isa = PBXBuildFile; fileRef = E488A0451C1F70450041DFCF /* NKSocketUDP.swift */; };
		E488A1121C1F77320041DFCF /* NKTimer.swift in Sources */ = {isa = PBXBuildFile; fileRef = E488A0461C1F70450041DFCF /* NKTimer.swift */; };
		E488A1131C1F77350041DFCF /* NKUrlFileDecode.swift in Sources */ = {isa = PBXBuildFile; fileRef = E488A04F1C1F70550041DFCF /* NKUrlFileDecode.swift */; };
		E488A1141C1F77350041DFCF /* NKUrlProtocolLocalFile.swift in Sources */ = {isa = PBXBuildFile; fileRef = E488A0501C1F70550041DFCF /* NKUrlProtocolLocalFile.swift */; };
		E488A1151C1F77350041DFCF /* NKUrlProtocolCustom.swift in Sources */ = {isa = PBXBuildFile; fileRef = E488A0511C1F70550041DFCF /* NKUrlProtocolCustom.swift */; };
		E488A1161C1F77350041DFCF /* NKUrlFileDecode.swift in Sources */ = {isa = PBXBuildFile; fileRef = E488A04F1C1F70550041DFCF /* NKUrlFileDecode.swift */; };
		E488A1171C1F77350041DFCF /* NKUrlProtocolLocalFile.swift in Sources */ = {isa = PBXBuildFile; fileRef = E488A0501C1F70550041DFCF /* NKUrlProtocolLocalFile.swift */; };
		E488A1181C1F77350041DFCF /* NKUrlProtocolCustom.swift in Sources */ = {isa = PBXBuildFile; fileRef = E488A0511C1F70550041DFCF /* NKUrlProtocolCustom.swift */; };
		E488A1251C1F77420041DFCF /* NKUIWebView.swift in Sources */ = {isa = PBXBuildFile; fileRef = E488A0751C1F70970041DFCF /* NKUIWebView.swift */; };
		E488A1261C1F77420041DFCF /* NKWKWebView.swift in Sources */ = {isa = PBXBuildFile; fileRef = E488A0761C1F70970041DFCF /* NKWKWebView.swift */; };
		E488A1281C1F77460041DFCF /* NKWKViewController.swift in Sources */ = {isa = PBXBuildFile; fileRef = E488A07D1C1F70AC0041DFCF /* NKWKViewController.swift */; };
		E488A12E1C1F78890041DFCF /* Assets.xcassets in Resources */ = {isa = PBXBuildFile; fileRef = E488A12B1C1F78890041DFCF /* Assets.xcassets */; };
		E488A1321C1F78FB0041DFCF /* Launch Screen.storyboard in Resources */ = {isa = PBXBuildFile; fileRef = E488A1311C1F78FB0041DFCF /* Launch Screen.storyboard */; };
		E488A1331C1F7B510041DFCF /* lib in Resources */ = {isa = PBXBuildFile; fileRef = E488A0831C1F715D0041DFCF /* lib */; };
		E488A1351C1F7B5E0041DFCF /* NKJavaScriptBridge.swift in Sources */ = {isa = PBXBuildFile; fileRef = E488A0581C1F70650041DFCF /* NKJavaScriptBridge.swift */; };
		E488A1361C1F7B5E0041DFCF /* NKJSContextFactory.swift in Sources */ = {isa = PBXBuildFile; fileRef = E488A0591C1F70650041DFCF /* NKJSContextFactory.swift */; };
		E488A1371C1F7B5E0041DFCF /* NKNodeKit.swift in Sources */ = {isa = PBXBuildFile; fileRef = E488A05A1C1F70650041DFCF /* NKNodeKit.swift */; };
		E488A1381C1F7B5E0041DFCF /* NKTypeAlias.swift in Sources */ = {isa = PBXBuildFile; fileRef = E488A05B1C1F70650041DFCF /* NKTypeAlias.swift */; };
		E488A13D1C1F7B620041DFCF /* NKFileSystem.swift in Sources */ = {isa = PBXBuildFile; fileRef = E488A0431C1F70450041DFCF /* NKFileSystem.swift */; };
		E488A13E1C1F7B620041DFCF /* NKSocketTCP.swift in Sources */ = {isa = PBXBuildFile; fileRef = E488A0441C1F70450041DFCF /* NKSocketTCP.swift */; };
		E488A13F1C1F7B620041DFCF /* NKSocketUDP.swift in Sources */ = {isa = PBXBuildFile; fileRef = E488A0451C1F70450041DFCF /* NKSocketUDP.swift */; };
		E488A1401C1F7B620041DFCF /* NKTimer.swift in Sources */ = {isa = PBXBuildFile; fileRef = E488A0461C1F70450041DFCF /* NKTimer.swift */; };
		E488A1451C1F7B650041DFCF /* NKUrlFileDecode.swift in Sources */ = {isa = PBXBuildFile; fileRef = E488A04F1C1F70550041DFCF /* NKUrlFileDecode.swift */; };
		E488A1461C1F7B650041DFCF /* NKUrlProtocolLocalFile.swift in Sources */ = {isa = PBXBuildFile; fileRef = E488A0501C1F70550041DFCF /* NKUrlProtocolLocalFile.swift */; };
		E488A1471C1F7B650041DFCF /* NKUrlProtocolCustom.swift in Sources */ = {isa = PBXBuildFile; fileRef = E488A0511C1F70550041DFCF /* NKUrlProtocolCustom.swift */; };
		E488A1501C1F7BBA0041DFCF /* NKWKViewController.swift in Sources */ = {isa = PBXBuildFile; fileRef = E488A07D1C1F70AC0041DFCF /* NKWKViewController.swift */; };
		E488A1551C1F7C880041DFCF /* GCDAsyncSocket.h in Headers */ = {isa = PBXBuildFile; fileRef = E488A1511C1F7C880041DFCF /* GCDAsyncSocket.h */; settings = {ATTRIBUTES = (Public, ); }; };
		E488A1561C1F7C880041DFCF /* GCDAsyncSocket.h in Headers */ = {isa = PBXBuildFile; fileRef = E488A1511C1F7C880041DFCF /* GCDAsyncSocket.h */; settings = {ATTRIBUTES = (Public, ); }; };
		E488A1571C1F7C880041DFCF /* GCDAsyncSocket.m in Sources */ = {isa = PBXBuildFile; fileRef = E488A1521C1F7C880041DFCF /* GCDAsyncSocket.m */; };
		E488A1581C1F7C880041DFCF /* GCDAsyncSocket.m in Sources */ = {isa = PBXBuildFile; fileRef = E488A1521C1F7C880041DFCF /* GCDAsyncSocket.m */; };
		E488A1591C1F7C880041DFCF /* GCDAsyncSocket.m in Sources */ = {isa = PBXBuildFile; fileRef = E488A1521C1F7C880041DFCF /* GCDAsyncSocket.m */; };
		E488A15B1C1F7C880041DFCF /* GCDAsyncUdpSocket.h in Headers */ = {isa = PBXBuildFile; fileRef = E488A1531C1F7C880041DFCF /* GCDAsyncUdpSocket.h */; settings = {ATTRIBUTES = (Public, ); }; };
		E488A15C1C1F7C880041DFCF /* GCDAsyncUdpSocket.h in Headers */ = {isa = PBXBuildFile; fileRef = E488A1531C1F7C880041DFCF /* GCDAsyncUdpSocket.h */; settings = {ATTRIBUTES = (Public, ); }; };
		E488A15D1C1F7C880041DFCF /* GCDAsyncUdpSocket.m in Sources */ = {isa = PBXBuildFile; fileRef = E488A1541C1F7C880041DFCF /* GCDAsyncUdpSocket.m */; };
		E488A15E1C1F7C880041DFCF /* GCDAsyncUdpSocket.m in Sources */ = {isa = PBXBuildFile; fileRef = E488A1541C1F7C880041DFCF /* GCDAsyncUdpSocket.m */; };
		E488A15F1C1F7C880041DFCF /* GCDAsyncUdpSocket.m in Sources */ = {isa = PBXBuildFile; fileRef = E488A1541C1F7C880041DFCF /* GCDAsyncUdpSocket.m */; };
		E488A1651C1F7CA10041DFCF /* NodeKit.h in Headers */ = {isa = PBXBuildFile; fileRef = E488A1621C1F7CA10041DFCF /* NodeKit.h */; settings = {ATTRIBUTES = (Public, ); }; };
		E488A1661C1F7CA10041DFCF /* NodeKit.h in Headers */ = {isa = PBXBuildFile; fileRef = E488A1621C1F7CA10041DFCF /* NodeKit.h */; settings = {ATTRIBUTES = (Public, ); }; };
		E4AD89D31C1F830F0043F630 /* lib in Resources */ = {isa = PBXBuildFile; fileRef = E488A0831C1F715D0041DFCF /* lib */; };
		E4AD89D41C1F83140043F630 /* NKJavaScriptBridge.swift in Sources */ = {isa = PBXBuildFile; fileRef = E488A0581C1F70650041DFCF /* NKJavaScriptBridge.swift */; };
		E4AD89D51C1F83140043F630 /* NKJSContextFactory.swift in Sources */ = {isa = PBXBuildFile; fileRef = E488A0591C1F70650041DFCF /* NKJSContextFactory.swift */; };
		E4AD89D61C1F83140043F630 /* NKNodeKit.swift in Sources */ = {isa = PBXBuildFile; fileRef = E488A05A1C1F70650041DFCF /* NKNodeKit.swift */; };
		E4AD89D71C1F83140043F630 /* NKTypeAlias.swift in Sources */ = {isa = PBXBuildFile; fileRef = E488A05B1C1F70650041DFCF /* NKTypeAlias.swift */; };
		E4AD89D81C1F83190043F630 /* NKFileSystem.swift in Sources */ = {isa = PBXBuildFile; fileRef = E488A0431C1F70450041DFCF /* NKFileSystem.swift */; };
		E4AD89D91C1F83190043F630 /* NKSocketTCP.swift in Sources */ = {isa = PBXBuildFile; fileRef = E488A0441C1F70450041DFCF /* NKSocketTCP.swift */; };
		E4AD89DA1C1F83190043F630 /* NKSocketUDP.swift in Sources */ = {isa = PBXBuildFile; fileRef = E488A0451C1F70450041DFCF /* NKSocketUDP.swift */; };
		E4AD89DB1C1F83190043F630 /* NKTimer.swift in Sources */ = {isa = PBXBuildFile; fileRef = E488A0461C1F70450041DFCF /* NKTimer.swift */; };
		E4AD89DC1C1F831D0043F630 /* NKUrlFileDecode.swift in Sources */ = {isa = PBXBuildFile; fileRef = E488A04F1C1F70550041DFCF /* NKUrlFileDecode.swift */; };
		E4AD89DD1C1F831D0043F630 /* NKUrlProtocolLocalFile.swift in Sources */ = {isa = PBXBuildFile; fileRef = E488A0501C1F70550041DFCF /* NKUrlProtocolLocalFile.swift */; };
		E4AD89DE1C1F831D0043F630 /* NKUrlProtocolCustom.swift in Sources */ = {isa = PBXBuildFile; fileRef = E488A0511C1F70550041DFCF /* NKUrlProtocolCustom.swift */; };
		E4AD89DF1C1F83270043F630 /* GCDAsyncSocket.m in Sources */ = {isa = PBXBuildFile; fileRef = E488A1521C1F7C880041DFCF /* GCDAsyncSocket.m */; };
		E4AD89E01C1F832A0043F630 /* GCDAsyncUdpSocket.m in Sources */ = {isa = PBXBuildFile; fileRef = E488A1541C1F7C880041DFCF /* GCDAsyncUdpSocket.m */; };
		E4AD89E31C1F83330043F630 /* NKUIWebView.swift in Sources */ = {isa = PBXBuildFile; fileRef = E488A0751C1F70970041DFCF /* NKUIWebView.swift */; };
		E4AD89E41C1F83330043F630 /* NKWKWebView.swift in Sources */ = {isa = PBXBuildFile; fileRef = E488A0761C1F70970041DFCF /* NKWKWebView.swift */; };
		E4AD89E51C1F833C0043F630 /* app in Resources */ = {isa = PBXBuildFile; fileRef = E488A0D71C1F761F0041DFCF /* app */; };
		E4AD89E81C1F833C0043F630 /* test in Resources */ = {isa = PBXBuildFile; fileRef = E488A0F81C1F76A40041DFCF /* test */; };
		E4AD89ED1C1F834B0043F630 /* Assets.xcassets in Resources */ = {isa = PBXBuildFile; fileRef = E488A0E31C1F76510041DFCF /* Assets.xcassets */; };
		E4AD89F21C1F85220043F630 /* NKMenu.swift in Sources */ = {isa = PBXBuildFile; fileRef = E4AD89F01C1F84D20043F630 /* NKMenu.swift */; };
		E4AD89F31C1F85220043F630 /* NKNSAppDelegate.swift in Sources */ = {isa = PBXBuildFile; fileRef = E4AD89EE1C1F84C80043F630 /* NKNSAppDelegate.swift */; };
		E4AD89F41C1F85230043F630 /* NKMenu.swift in Sources */ = {isa = PBXBuildFile; fileRef = E4AD89F01C1F84D20043F630 /* NKMenu.swift */; };
		E4AD89F51C1F85230043F630 /* NKNSAppDelegate.swift in Sources */ = {isa = PBXBuildFile; fileRef = E4AD89EE1C1F84C80043F630 /* NKNSAppDelegate.swift */; };
		E4C253D21C20A5FF001B3388 /* NKMainDesktop.swift in Sources */ = {isa = PBXBuildFile; fileRef = E4C253D11C20A5FF001B3388 /* NKMainDesktop.swift */; };
		E4C253D31C20A6BC001B3388 /* NKMainDesktop.swift in Sources */ = {isa = PBXBuildFile; fileRef = E4C253D11C20A5FF001B3388 /* NKMainDesktop.swift */; };
		E4C253D51C20AABC001B3388 /* NKMainMobile.swift in Sources */ = {isa = PBXBuildFile; fileRef = E4C253D41C20AABC001B3388 /* NKMainMobile.swift */; };
		E4C253D71C20AB17001B3388 /* NKUIAppDelegate.swift in Sources */ = {isa = PBXBuildFile; fileRef = E4C253D61C20AB17001B3388 /* NKUIAppDelegate.swift */; };
		E4C253DA1C20AC64001B3388 /* NKMainMobile.swift in Sources */ = {isa = PBXBuildFile; fileRef = E4C253D41C20AABC001B3388 /* NKMainMobile.swift */; };
		E4C253DB1C20ACA3001B3388 /* NKUIAppDelegate.swift in Sources */ = {isa = PBXBuildFile; fileRef = E4C253D61C20AB17001B3388 /* NKUIAppDelegate.swift */; };
		E4C253DE1C20AF68001B3388 /* main.swift in Sources */ = {isa = PBXBuildFile; fileRef = E4C253DD1C20AF68001B3388 /* main.swift */; };
		E4C253DF1C20AFC0001B3388 /* main.swift in Sources */ = {isa = PBXBuildFile; fileRef = E4C253DD1C20AF68001B3388 /* main.swift */; };
		E4C253ED1C20B4EE001B3388 /* default in Resources */ = {isa = PBXBuildFile; fileRef = E4C253E71C20B4EE001B3388 /* default */; };
		E4C253EE1C20B4EE001B3388 /* default in Resources */ = {isa = PBXBuildFile; fileRef = E4C253E71C20B4EE001B3388 /* default */; };
		E4C253EF1C20B4EE001B3388 /* default in Resources */ = {isa = PBXBuildFile; fileRef = E4C253E71C20B4EE001B3388 /* default */; };
		E4C253F01C20B4EE001B3388 /* default in Resources */ = {isa = PBXBuildFile; fileRef = E4C253E71C20B4EE001B3388 /* default */; };
		E4C253F11C20B4EE001B3388 /* splash in Resources */ = {isa = PBXBuildFile; fileRef = E4C253E81C20B4EE001B3388 /* splash */; };
		E4C253F21C20B4EE001B3388 /* splash in Resources */ = {isa = PBXBuildFile; fileRef = E4C253E81C20B4EE001B3388 /* splash */; };
		E4C253F31C20B4EE001B3388 /* splash in Resources */ = {isa = PBXBuildFile; fileRef = E4C253E81C20B4EE001B3388 /* splash */; };
		E4C253F41C20B4EE001B3388 /* splash in Resources */ = {isa = PBXBuildFile; fileRef = E4C253E81C20B4EE001B3388 /* splash */; };
		E4C253F51C20B6F8001B3388 /* app in Resources */ = {isa = PBXBuildFile; fileRef = E4C253E61C20B4EE001B3388 /* app */; };
		E4C253F61C20B6F9001B3388 /* app in Resources */ = {isa = PBXBuildFile; fileRef = E4C253E61C20B4EE001B3388 /* app */; };
/* End PBXBuildFile section */

/* Begin PBXFileReference section */
		E488A0431C1F70450041DFCF /* NKFileSystem.swift */ = {isa = PBXFileReference; fileEncoding = 4; lastKnownFileType = sourcecode.swift; name = NKFileSystem.swift; path = nodekit/common/swift/bindings/NKFileSystem.swift; sourceTree = SOURCE_ROOT; };
		E488A0441C1F70450041DFCF /* NKSocketTCP.swift */ = {isa = PBXFileReference; fileEncoding = 4; lastKnownFileType = sourcecode.swift; name = NKSocketTCP.swift; path = nodekit/common/swift/bindings/NKSocketTCP.swift; sourceTree = SOURCE_ROOT; };
		E488A0451C1F70450041DFCF /* NKSocketUDP.swift */ = {isa = PBXFileReference; fileEncoding = 4; lastKnownFileType = sourcecode.swift; name = NKSocketUDP.swift; path = nodekit/common/swift/bindings/NKSocketUDP.swift; sourceTree = SOURCE_ROOT; };
		E488A0461C1F70450041DFCF /* NKTimer.swift */ = {isa = PBXFileReference; fileEncoding = 4; lastKnownFileType = sourcecode.swift; name = NKTimer.swift; path = nodekit/common/swift/bindings/NKTimer.swift; sourceTree = SOURCE_ROOT; };
		E488A04F1C1F70550041DFCF /* NKUrlFileDecode.swift */ = {isa = PBXFileReference; fileEncoding = 4; lastKnownFileType = sourcecode.swift; name = NKUrlFileDecode.swift; path = nodekit/common/swift/urlprotocol/NKUrlFileDecode.swift; sourceTree = SOURCE_ROOT; };
		E488A0501C1F70550041DFCF /* NKUrlProtocolLocalFile.swift */ = {isa = PBXFileReference; fileEncoding = 4; lastKnownFileType = sourcecode.swift; name = NKUrlProtocolLocalFile.swift; path = nodekit/common/swift/urlprotocol/NKUrlProtocolLocalFile.swift; sourceTree = SOURCE_ROOT; };
		E488A0511C1F70550041DFCF /* NKUrlProtocolCustom.swift */ = {isa = PBXFileReference; fileEncoding = 4; lastKnownFileType = sourcecode.swift; name = NKUrlProtocolCustom.swift; path = nodekit/common/swift/urlprotocol/NKUrlProtocolCustom.swift; sourceTree = SOURCE_ROOT; };
		E488A0581C1F70650041DFCF /* NKJavaScriptBridge.swift */ = {isa = PBXFileReference; fileEncoding = 4; lastKnownFileType = sourcecode.swift; name = NKJavaScriptBridge.swift; path = nodekit/common/swift/NKJavaScriptBridge.swift; sourceTree = SOURCE_ROOT; };
		E488A0591C1F70650041DFCF /* NKJSContextFactory.swift */ = {isa = PBXFileReference; fileEncoding = 4; lastKnownFileType = sourcecode.swift; name = NKJSContextFactory.swift; path = nodekit/common/swift/NKJSContextFactory.swift; sourceTree = SOURCE_ROOT; };
		E488A05A1C1F70650041DFCF /* NKNodeKit.swift */ = {isa = PBXFileReference; fileEncoding = 4; lastKnownFileType = sourcecode.swift; name = NKNodeKit.swift; path = nodekit/common/swift/NKNodeKit.swift; sourceTree = SOURCE_ROOT; };
		E488A05B1C1F70650041DFCF /* NKTypeAlias.swift */ = {isa = PBXFileReference; fileEncoding = 4; lastKnownFileType = sourcecode.swift; name = NKTypeAlias.swift; path = nodekit/common/swift/NKTypeAlias.swift; sourceTree = SOURCE_ROOT; };
		E488A0751C1F70970041DFCF /* NKUIWebView.swift */ = {isa = PBXFileReference; fileEncoding = 4; lastKnownFileType = sourcecode.swift; name = NKUIWebView.swift; path = "nodekit/platform-darwin/NKUIWebView.swift"; sourceTree = "<group>"; };
		E488A0761C1F70970041DFCF /* NKWKWebView.swift */ = {isa = PBXFileReference; fileEncoding = 4; lastKnownFileType = sourcecode.swift; name = NKWKWebView.swift; path = "nodekit/platform-darwin/NKWKWebView.swift"; sourceTree = "<group>"; };
		E488A0771C1F70970041DFCF /* Info.plist */ = {isa = PBXFileReference; fileEncoding = 4; lastKnownFileType = text.plist.xml; name = Info.plist; path = "nodekit/platform-darwin/Info.plist"; sourceTree = "<group>"; };
		E488A07D1C1F70AC0041DFCF /* NKWKViewController.swift */ = {isa = PBXFileReference; fileEncoding = 4; lastKnownFileType = sourcecode.swift; name = NKWKViewController.swift; path = "nodekit/platform-ios/NKWKViewController.swift"; sourceTree = "<group>"; };
		E488A07E1C1F70AC0041DFCF /* Info.plist */ = {isa = PBXFileReference; fileEncoding = 4; lastKnownFileType = text.plist.xml; name = Info.plist; path = "nodekit/platform-ios/Info.plist"; sourceTree = "<group>"; };
		E488A0831C1F715D0041DFCF /* lib */ = {isa = PBXFileReference; lastKnownFileType = folder; name = lib; path = nodekit/common/lib; sourceTree = "<group>"; };
		E488A0931C1F73170041DFCF /* NodeKit.framework */ = {isa = PBXFileReference; explicitFileType = wrapper.framework; includeInIndex = 0; path = NodeKit.framework; sourceTree = BUILT_PRODUCTS_DIR; };
		E488A0A01C1F736E0041DFCF /* NodeKit.framework */ = {isa = PBXFileReference; explicitFileType = wrapper.framework; includeInIndex = 0; path = NodeKit.framework; sourceTree = BUILT_PRODUCTS_DIR; };
		E488A0AC1C1F74250041DFCF /* nodekit-sample.app */ = {isa = PBXFileReference; explicitFileType = wrapper.application; includeInIndex = 0; path = "nodekit-sample.app"; sourceTree = BUILT_PRODUCTS_DIR; };
		E488A0D71C1F761F0041DFCF /* app */ = {isa = PBXFileReference; lastKnownFileType = folder; name = app; path = "nodekit-sample/app"; sourceTree = "<group>"; };
		E488A0E31C1F76510041DFCF /* Assets.xcassets */ = {isa = PBXFileReference; lastKnownFileType = folder.assetcatalog; name = Assets.xcassets; path = "nodekit-sample/platform-darwin/Assets.xcassets"; sourceTree = "<group>"; };
		E488A0F81C1F76A40041DFCF /* test */ = {isa = PBXFileReference; lastKnownFileType = folder; name = test; path = "nodekit-sample/test"; sourceTree = "<group>"; };
		E488A12B1C1F78890041DFCF /* Assets.xcassets */ = {isa = PBXFileReference; lastKnownFileType = folder.assetcatalog; name = Assets.xcassets; path = "nodekit-sample/platform-ios/Assets.xcassets"; sourceTree = "<group>"; };
		E488A12D1C1F78890041DFCF /* Info.plist */ = {isa = PBXFileReference; fileEncoding = 4; lastKnownFileType = text.plist.xml; name = Info.plist; path = "nodekit-sample/platform-ios/Info.plist"; sourceTree = "<group>"; };
		E488A1311C1F78FB0041DFCF /* Launch Screen.storyboard */ = {isa = PBXFileReference; fileEncoding = 4; lastKnownFileType = file.storyboard; name = "Launch Screen.storyboard"; path = "nodekit-sample/platform-ios/Launch Screen.storyboard"; sourceTree = "<group>"; };
		E488A1511C1F7C880041DFCF /* GCDAsyncSocket.h */ = {isa = PBXFileReference; fileEncoding = 4; lastKnownFileType = sourcecode.c.h; name = GCDAsyncSocket.h; path = "nodekit/common/objective-c/GCDAsyncSocket.h"; sourceTree = SOURCE_ROOT; };
		E488A1521C1F7C880041DFCF /* GCDAsyncSocket.m */ = {isa = PBXFileReference; fileEncoding = 4; lastKnownFileType = sourcecode.c.objc; name = GCDAsyncSocket.m; path = "nodekit/common/objective-c/GCDAsyncSocket.m"; sourceTree = SOURCE_ROOT; };
		E488A1531C1F7C880041DFCF /* GCDAsyncUdpSocket.h */ = {isa = PBXFileReference; fileEncoding = 4; lastKnownFileType = sourcecode.c.h; name = GCDAsyncUdpSocket.h; path = "nodekit/common/objective-c/GCDAsyncUdpSocket.h"; sourceTree = SOURCE_ROOT; };
		E488A1541C1F7C880041DFCF /* GCDAsyncUdpSocket.m */ = {isa = PBXFileReference; fileEncoding = 4; lastKnownFileType = sourcecode.c.objc; name = GCDAsyncUdpSocket.m; path = "nodekit/common/objective-c/GCDAsyncUdpSocket.m"; sourceTree = SOURCE_ROOT; };
		E488A1611C1F7CA10041DFCF /* NodeKit-Bridging-Header.h */ = {isa = PBXFileReference; fileEncoding = 4; lastKnownFileType = sourcecode.c.h; name = "NodeKit-Bridging-Header.h"; path = "nodekit/common/objective-c/NodeKit-Bridging-Header.h"; sourceTree = SOURCE_ROOT; };
		E488A1621C1F7CA10041DFCF /* NodeKit.h */ = {isa = PBXFileReference; fileEncoding = 4; lastKnownFileType = sourcecode.c.h; name = NodeKit.h; path = "nodekit/common/objective-c/NodeKit.h"; sourceTree = SOURCE_ROOT; };
		E4AD89C41C1F828A0043F630 /* nodekit-sample.app */ = {isa = PBXFileReference; explicitFileType = wrapper.application; includeInIndex = 0; path = "nodekit-sample.app"; sourceTree = BUILT_PRODUCTS_DIR; };
		E4AD89D11C1F82AA0043F630 /* Info.plist */ = {isa = PBXFileReference; fileEncoding = 4; lastKnownFileType = text.plist.xml; name = Info.plist; path = "nodekit-sample/platform-darwin/Info.plist"; sourceTree = "<group>"; };
		E4AD89EE1C1F84C80043F630 /* NKNSAppDelegate.swift */ = {isa = PBXFileReference; fileEncoding = 4; lastKnownFileType = sourcecode.swift; name = NKNSAppDelegate.swift; path = "nodekit/platform-darwin/NKNSAppDelegate.swift"; sourceTree = "<group>"; };
		E4AD89F01C1F84D20043F630 /* NKMenu.swift */ = {isa = PBXFileReference; fileEncoding = 4; lastKnownFileType = sourcecode.swift; name = NKMenu.swift; path = "nodekit/platform-darwin/NKMenu.swift"; sourceTree = "<group>"; };
		E4C253D11C20A5FF001B3388 /* NKMainDesktop.swift */ = {isa = PBXFileReference; fileEncoding = 4; lastKnownFileType = sourcecode.swift; name = NKMainDesktop.swift; path = "nodekit/platform-darwin/NKMainDesktop.swift"; sourceTree = "<group>"; };
		E4C253D41C20AABC001B3388 /* NKMainMobile.swift */ = {isa = PBXFileReference; fileEncoding = 4; lastKnownFileType = sourcecode.swift; name = NKMainMobile.swift; path = "nodekit/platform-ios/NKMainMobile.swift"; sourceTree = "<group>"; };
		E4C253D61C20AB17001B3388 /* NKUIAppDelegate.swift */ = {isa = PBXFileReference; fileEncoding = 4; lastKnownFileType = sourcecode.swift; name = NKUIAppDelegate.swift; path = "nodekit/platform-ios/NKUIAppDelegate.swift"; sourceTree = "<group>"; };
		E4C253DD1C20AF68001B3388 /* main.swift */ = {isa = PBXFileReference; fileEncoding = 4; lastKnownFileType = sourcecode.swift; name = main.swift; path = "nodekit-sample/main.swift"; sourceTree = "<group>"; };
		E4C253E61C20B4EE001B3388 /* app */ = {isa = PBXFileReference; lastKnownFileType = folder; name = app; path = nodekit/common/www/app; sourceTree = "<group>"; };
		E4C253E71C20B4EE001B3388 /* default */ = {isa = PBXFileReference; lastKnownFileType = folder; name = default; path = nodekit/common/www/default; sourceTree = "<group>"; };
		E4C253E81C20B4EE001B3388 /* splash */ = {isa = PBXFileReference; lastKnownFileType = folder; name = splash; path = nodekit/common/www/splash; sourceTree = "<group>"; };
/* End PBXFileReference section */

/* Begin PBXFrameworksBuildPhase section */
		E488A08F1C1F73170041DFCF /* Frameworks */ = {
			isa = PBXFrameworksBuildPhase;
			buildActionMask = 2147483647;
			files = (
			);
			runOnlyForDeploymentPostprocessing = 0;
		};
		E488A09C1C1F736E0041DFCF /* Frameworks */ = {
			isa = PBXFrameworksBuildPhase;
			buildActionMask = 2147483647;
			files = (
			);
			runOnlyForDeploymentPostprocessing = 0;
		};
		E488A0A91C1F74250041DFCF /* Frameworks */ = {
			isa = PBXFrameworksBuildPhase;
			buildActionMask = 2147483647;
			files = (
			);
			runOnlyForDeploymentPostprocessing = 0;
		};
		E4AD89C11C1F828A0043F630 /* Frameworks */ = {
			isa = PBXFrameworksBuildPhase;
			buildActionMask = 2147483647;
			files = (
			);
			runOnlyForDeploymentPostprocessing = 0;
		};
/* End PBXFrameworksBuildPhase section */

/* Begin PBXGroup section */
		E411813D1C1F24B4004F97D6 = {
			isa = PBXGroup;
			children = (
				E488A03F1C1F6F2A0041DFCF /* src */,
				E41181481C1F24B4004F97D6 /* Products */,
			);
			sourceTree = "<group>";
		};
		E41181481C1F24B4004F97D6 /* Products */ = {
			isa = PBXGroup;
			children = (
				E488A0931C1F73170041DFCF /* NodeKit.framework */,
				E488A0A01C1F736E0041DFCF /* NodeKit.framework */,
				E488A0AC1C1F74250041DFCF /* nodekit-sample.app */,
				E4AD89C41C1F828A0043F630 /* nodekit-sample.app */,
			);
			name = Products;
			sourceTree = "<group>";
		};
		E411815F1C1F27B8004F97D6 /* platform-ios */ = {
			isa = PBXGroup;
			children = (
				E488A07E1C1F70AC0041DFCF /* Info.plist */,
				E4C253D61C20AB17001B3388 /* NKUIAppDelegate.swift */,
				E488A07D1C1F70AC0041DFCF /* NKWKViewController.swift */,
				E4C253D41C20AABC001B3388 /* NKMainMobile.swift */,
			);
			name = "platform-ios";
			sourceTree = "<group>";
		};
		E41181601C1F27C2004F97D6 /* platform-darwin */ = {
			isa = PBXGroup;
			children = (
				E488A0771C1F70970041DFCF /* Info.plist */,
				E4AD89F01C1F84D20043F630 /* NKMenu.swift */,
				E4AD89EE1C1F84C80043F630 /* NKNSAppDelegate.swift */,
				E488A0751C1F70970041DFCF /* NKUIWebView.swift */,
				E488A0761C1F70970041DFCF /* NKWKWebView.swift */,
				E4C253D11C20A5FF001B3388 /* NKMainDesktop.swift */,
			);
			name = "platform-darwin";
			sourceTree = "<group>";
		};
		E41181611C1F27EC004F97D6 /* common */ = {
			isa = PBXGroup;
			children = (
				E488A0831C1F715D0041DFCF /* lib */,
				E41181871C1F2B78004F97D6 /* swift */,
				E411816D1C1F2B6C004F97D6 /* objective-c */,
				E4C253E01C20B481001B3388 /* www */,
			);
			name = common;
			sourceTree = "<group>";
		};
		E411816D1C1F2B6C004F97D6 /* objective-c */ = {
			isa = PBXGroup;
			children = (
				E488A1611C1F7CA10041DFCF /* NodeKit-Bridging-Header.h */,
				E488A1621C1F7CA10041DFCF /* NodeKit.h */,
				E488A1511C1F7C880041DFCF /* GCDAsyncSocket.h */,
				E488A1521C1F7C880041DFCF /* GCDAsyncSocket.m */,
				E488A1531C1F7C880041DFCF /* GCDAsyncUdpSocket.h */,
				E488A1541C1F7C880041DFCF /* GCDAsyncUdpSocket.m */,
			);
			name = "objective-c";
			path = "src/common/objective-c";
			sourceTree = "<group>";
		};
		E41181871C1F2B78004F97D6 /* swift */ = {
			isa = PBXGroup;
			children = (
				E488A0581C1F70650041DFCF /* NKJavaScriptBridge.swift */,
				E488A0591C1F70650041DFCF /* NKJSContextFactory.swift */,
				E488A05A1C1F70650041DFCF /* NKNodeKit.swift */,
				E488A05B1C1F70650041DFCF /* NKTypeAlias.swift */,
				E41181881C1F2B78004F97D6 /* bindings */,
				E488A0421C1F6FED0041DFCF /* urlprotocol */,
			);
			name = swift;
			path = src/common/swift;
			sourceTree = "<group>";
		};
		E41181881C1F2B78004F97D6 /* bindings */ = {
			isa = PBXGroup;
			children = (
				E488A0431C1F70450041DFCF /* NKFileSystem.swift */,
				E488A0441C1F70450041DFCF /* NKSocketTCP.swift */,
				E488A0451C1F70450041DFCF /* NKSocketUDP.swift */,
				E488A0461C1F70450041DFCF /* NKTimer.swift */,
			);
			path = bindings;
			sourceTree = "<group>";
		};
		E488A03F1C1F6F2A0041DFCF /* src */ = {
			isa = PBXGroup;
			children = (
				E488A0401C1F6F310041DFCF /* nodekit */,
				E488A0D31C1F75F00041DFCF /* nodekit-sample */,
			);
			name = src;
			sourceTree = "<group>";
		};
		E488A0401C1F6F310041DFCF /* nodekit */ = {
			isa = PBXGroup;
			children = (
				E41181611C1F27EC004F97D6 /* common */,
				E41181601C1F27C2004F97D6 /* platform-darwin */,
				E411815F1C1F27B8004F97D6 /* platform-ios */,
			);
			name = nodekit;
			sourceTree = "<group>";
		};
		E488A0421C1F6FED0041DFCF /* urlprotocol */ = {
			isa = PBXGroup;
			children = (
				E488A04F1C1F70550041DFCF /* NKUrlFileDecode.swift */,
				E488A0501C1F70550041DFCF /* NKUrlProtocolLocalFile.swift */,
				E488A0511C1F70550041DFCF /* NKUrlProtocolCustom.swift */,
			);
			name = urlprotocol;
			sourceTree = "<group>";
		};
		E488A0D31C1F75F00041DFCF /* nodekit-sample */ = {
			isa = PBXGroup;
			children = (
				E4C253DD1C20AF68001B3388 /* main.swift */,
				E488A0D71C1F761F0041DFCF /* app */,
				E488A0F81C1F76A40041DFCF /* test */,
				E488A0D61C1F760C0041DFCF /* platform-darwin */,
				E488A0D51C1F76030041DFCF /* platform-ios */,
			);
			name = "nodekit-sample";
			sourceTree = "<group>";
		};
		E488A0D51C1F76030041DFCF /* platform-ios */ = {
			isa = PBXGroup;
			children = (
				E488A1311C1F78FB0041DFCF /* Launch Screen.storyboard */,
				E488A12B1C1F78890041DFCF /* Assets.xcassets */,
				E488A12D1C1F78890041DFCF /* Info.plist */,
			);
			name = "platform-ios";
			sourceTree = "<group>";
		};
		E488A0D61C1F760C0041DFCF /* platform-darwin */ = {
			isa = PBXGroup;
			children = (
				E4AD89D11C1F82AA0043F630 /* Info.plist */,
				E488A0E31C1F76510041DFCF /* Assets.xcassets */,
			);
			name = "platform-darwin";
			sourceTree = "<group>";
		};
		E4C253E01C20B481001B3388 /* www */ = {
			isa = PBXGroup;
			children = (
				E4C253E61C20B4EE001B3388 /* app */,
				E4C253E71C20B4EE001B3388 /* default */,
				E4C253E81C20B4EE001B3388 /* splash */,
			);
			name = www;
			sourceTree = "<group>";
		};
/* End PBXGroup section */

/* Begin PBXHeadersBuildPhase section */
		E488A0901C1F73170041DFCF /* Headers */ = {
			isa = PBXHeadersBuildPhase;
			buildActionMask = 2147483647;
			files = (
				E488A1651C1F7CA10041DFCF /* NodeKit.h in Headers */,
				E488A1551C1F7C880041DFCF /* GCDAsyncSocket.h in Headers */,
				E488A15B1C1F7C880041DFCF /* GCDAsyncUdpSocket.h in Headers */,
			);
			runOnlyForDeploymentPostprocessing = 0;
		};
		E488A09D1C1F736E0041DFCF /* Headers */ = {
			isa = PBXHeadersBuildPhase;
			buildActionMask = 2147483647;
			files = (
				E488A1661C1F7CA10041DFCF /* NodeKit.h in Headers */,
				E488A1561C1F7C880041DFCF /* GCDAsyncSocket.h in Headers */,
				E488A15C1C1F7C880041DFCF /* GCDAsyncUdpSocket.h in Headers */,
			);
			runOnlyForDeploymentPostprocessing = 0;
		};
/* End PBXHeadersBuildPhase section */

/* Begin PBXNativeTarget section */
		E488A0921C1F73170041DFCF /* nodekit-iOS */ = {
			isa = PBXNativeTarget;
			buildConfigurationList = E488A0981C1F73170041DFCF /* Build configuration list for PBXNativeTarget "nodekit-iOS" */;
			buildPhases = (
				E488A08E1C1F73170041DFCF /* Sources */,
				E488A08F1C1F73170041DFCF /* Frameworks */,
				E488A0901C1F73170041DFCF /* Headers */,
				E488A0911C1F73170041DFCF /* Resources */,
			);
			buildRules = (
			);
			dependencies = (
			);
			name = "nodekit-iOS";
			productName = "nodekit-iOS";
			productReference = E488A0931C1F73170041DFCF /* NodeKit.framework */;
			productType = "com.apple.product-type.framework";
		};
		E488A09F1C1F736E0041DFCF /* nodekit-Mac */ = {
			isa = PBXNativeTarget;
			buildConfigurationList = E488A0A51C1F736E0041DFCF /* Build configuration list for PBXNativeTarget "nodekit-Mac" */;
			buildPhases = (
				E488A09B1C1F736E0041DFCF /* Sources */,
				E488A09C1C1F736E0041DFCF /* Frameworks */,
				E488A09D1C1F736E0041DFCF /* Headers */,
				E488A09E1C1F736E0041DFCF /* Resources */,
			);
			buildRules = (
			);
			dependencies = (
			);
			name = "nodekit-Mac";
			productName = "nodekit-Mac";
			productReference = E488A0A01C1F736E0041DFCF /* NodeKit.framework */;
			productType = "com.apple.product-type.framework";
		};
		E488A0AB1C1F74250041DFCF /* nodekit-sample-iOS */ = {
			isa = PBXNativeTarget;
			buildConfigurationList = E488A0BB1C1F74250041DFCF /* Build configuration list for PBXNativeTarget "nodekit-sample-iOS" */;
			buildPhases = (
				E488A0A81C1F74250041DFCF /* Sources */,
				E488A0A91C1F74250041DFCF /* Frameworks */,
				E488A0AA1C1F74250041DFCF /* Resources */,
			);
			buildRules = (
			);
			dependencies = (
			);
			name = "nodekit-sample-iOS";
			productName = "nodekit-sample-iOS";
			productReference = E488A0AC1C1F74250041DFCF /* nodekit-sample.app */;
			productType = "com.apple.product-type.application";
		};
		E4AD89C31C1F828A0043F630 /* nodekit-sample-Mac */ = {
			isa = PBXNativeTarget;
			buildConfigurationList = E4AD89CE1C1F828B0043F630 /* Build configuration list for PBXNativeTarget "nodekit-sample-Mac" */;
			buildPhases = (
				E4AD89C01C1F828A0043F630 /* Sources */,
				E4AD89C11C1F828A0043F630 /* Frameworks */,
				E4AD89C21C1F828A0043F630 /* Resources */,
			);
			buildRules = (
			);
			dependencies = (
			);
			name = "nodekit-sample-Mac";
			productName = "nodekit-sample-Mac";
			productReference = E4AD89C41C1F828A0043F630 /* nodekit-sample.app */;
			productType = "com.apple.product-type.application";
		};
/* End PBXNativeTarget section */

/* Begin PBXProject section */
		E411813E1C1F24B4004F97D6 /* Project object */ = {
			isa = PBXProject;
			attributes = {
				LastSwiftUpdateCheck = 0720;
				LastUpgradeCheck = 0720;
				ORGANIZATIONNAME = nodekit.io;
				TargetAttributes = {
					E488A0921C1F73170041DFCF = {
						CreatedOnToolsVersion = 7.2;
					};
					E488A09F1C1F736E0041DFCF = {
						CreatedOnToolsVersion = 7.2;
					};
					E488A0AB1C1F74250041DFCF = {
						CreatedOnToolsVersion = 7.2;
					};
					E4AD89C31C1F828A0043F630 = {
						CreatedOnToolsVersion = 7.2;
					};
				};
			};
			buildConfigurationList = E41181411C1F24B4004F97D6 /* Build configuration list for PBXProject "nodekit" */;
			compatibilityVersion = "Xcode 3.2";
			developmentRegion = English;
			hasScannedForEncodings = 0;
			knownRegions = (
				en,
				Base,
			);
			mainGroup = E411813D1C1F24B4004F97D6;
			productRefGroup = E41181481C1F24B4004F97D6 /* Products */;
			projectDirPath = "";
			projectRoot = "";
			targets = (
				E488A0921C1F73170041DFCF /* nodekit-iOS */,
				E488A09F1C1F736E0041DFCF /* nodekit-Mac */,
				E488A0AB1C1F74250041DFCF /* nodekit-sample-iOS */,
				E4AD89C31C1F828A0043F630 /* nodekit-sample-Mac */,
			);
		};
/* End PBXProject section */

/* Begin PBXResourcesBuildPhase section */
		E488A0911C1F73170041DFCF /* Resources */ = {
			isa = PBXResourcesBuildPhase;
			buildActionMask = 2147483647;
			files = (
				E4C253F51C20B6F8001B3388 /* app in Resources */,
				E4C253ED1C20B4EE001B3388 /* default in Resources */,
				E4C253F11C20B4EE001B3388 /* splash in Resources */,
				E488A1011C1F771D0041DFCF /* lib in Resources */,
			);
			runOnlyForDeploymentPostprocessing = 0;
		};
		E488A09E1C1F736E0041DFCF /* Resources */ = {
			isa = PBXResourcesBuildPhase;
			buildActionMask = 2147483647;
			files = (
				E4C253F61C20B6F9001B3388 /* app in Resources */,
				E4C253EE1C20B4EE001B3388 /* default in Resources */,
				E4C253F21C20B4EE001B3388 /* splash in Resources */,
				E488A1021C1F771D0041DFCF /* lib in Resources */,
			);
			runOnlyForDeploymentPostprocessing = 0;
		};
		E488A0AA1C1F74250041DFCF /* Resources */ = {
			isa = PBXResourcesBuildPhase;
			buildActionMask = 2147483647;
			files = (
				E4C253EF1C20B4EE001B3388 /* default in Resources */,
				E488A0F91C1F76A40041DFCF /* test in Resources */,
				E488A0D81C1F761F0041DFCF /* app in Resources */,
				E4C253F31C20B4EE001B3388 /* splash in Resources */,
				E488A1331C1F7B510041DFCF /* lib in Resources */,
				E488A12E1C1F78890041DFCF /* Assets.xcassets in Resources */,
				E488A1321C1F78FB0041DFCF /* Launch Screen.storyboard in Resources */,
			);
			runOnlyForDeploymentPostprocessing = 0;
		};
		E4AD89C21C1F828A0043F630 /* Resources */ = {
			isa = PBXResourcesBuildPhase;
			buildActionMask = 2147483647;
			files = (
				E4AD89E81C1F833C0043F630 /* test in Resources */,
				E4C253F41C20B4EE001B3388 /* splash in Resources */,
				E4C253F01C20B4EE001B3388 /* default in Resources */,
				E4AD89ED1C1F834B0043F630 /* Assets.xcassets in Resources */,
				E4AD89E51C1F833C0043F630 /* app in Resources */,
				E4AD89D31C1F830F0043F630 /* lib in Resources */,
			);
			runOnlyForDeploymentPostprocessing = 0;
		};
/* End PBXResourcesBuildPhase section */

/* Begin PBXSourcesBuildPhase section */
		E488A08E1C1F73170041DFCF /* Sources */ = {
			isa = PBXSourcesBuildPhase;
			buildActionMask = 2147483647;
			files = (
				E488A10D1C1F77310041DFCF /* NKSocketUDP.swift in Sources */,
				E488A1571C1F7C880041DFCF /* GCDAsyncSocket.m in Sources */,
				E488A1041C1F772D0041DFCF /* NKJSContextFactory.swift in Sources */,
				E4C253D71C20AB17001B3388 /* NKUIAppDelegate.swift in Sources */,
				E488A1151C1F77350041DFCF /* NKUrlProtocolCustom.swift in Sources */,
				E488A15D1C1F7C880041DFCF /* GCDAsyncUdpSocket.m in Sources */,
				E488A1141C1F77350041DFCF /* NKUrlProtocolLocalFile.swift in Sources */,
				E488A1281C1F77460041DFCF /* NKWKViewController.swift in Sources */,
				E488A10E1C1F77310041DFCF /* NKTimer.swift in Sources */,
				E488A1131C1F77350041DFCF /* NKUrlFileDecode.swift in Sources */,
				E488A1061C1F772D0041DFCF /* NKTypeAlias.swift in Sources */,
				E488A1031C1F772D0041DFCF /* NKJavaScriptBridge.swift in Sources */,
				E4C253D51C20AABC001B3388 /* NKMainMobile.swift in Sources */,
				E488A10B1C1F77310041DFCF /* NKFileSystem.swift in Sources */,
				E488A1051C1F772D0041DFCF /* NKNodeKit.swift in Sources */,
				E488A10C1C1F77310041DFCF /* NKSocketTCP.swift in Sources */,
			);
			runOnlyForDeploymentPostprocessing = 0;
		};
		E488A09B1C1F736E0041DFCF /* Sources */ = {
			isa = PBXSourcesBuildPhase;
			buildActionMask = 2147483647;
			files = (
				E488A1581C1F7C880041DFCF /* GCDAsyncSocket.m in Sources */,
				E4C253D21C20A5FF001B3388 /* NKMainDesktop.swift in Sources */,
				E488A1111C1F77320041DFCF /* NKSocketUDP.swift in Sources */,
				E488A1081C1F772E0041DFCF /* NKJSContextFactory.swift in Sources */,
				E488A1181C1F77350041DFCF /* NKUrlProtocolCustom.swift in Sources */,
				E488A1171C1F77350041DFCF /* NKUrlProtocolLocalFile.swift in Sources */,
				E4AD89F21C1F85220043F630 /* NKMenu.swift in Sources */,
				E488A15E1C1F7C880041DFCF /* GCDAsyncUdpSocket.m in Sources */,
				E488A1261C1F77420041DFCF /* NKWKWebView.swift in Sources */,
				E488A1121C1F77320041DFCF /* NKTimer.swift in Sources */,
				E4AD89F31C1F85220043F630 /* NKNSAppDelegate.swift in Sources */,
				E488A1161C1F77350041DFCF /* NKUrlFileDecode.swift in Sources */,
				E488A10A1C1F772E0041DFCF /* NKTypeAlias.swift in Sources */,
				E488A1071C1F772E0041DFCF /* NKJavaScriptBridge.swift in Sources */,
				E488A10F1C1F77320041DFCF /* NKFileSystem.swift in Sources */,
				E488A1251C1F77420041DFCF /* NKUIWebView.swift in Sources */,
				E488A1091C1F772E0041DFCF /* NKNodeKit.swift in Sources */,
				E488A1101C1F77320041DFCF /* NKSocketTCP.swift in Sources */,
			);
			runOnlyForDeploymentPostprocessing = 0;
		};
		E488A0A81C1F74250041DFCF /* Sources */ = {
			isa = PBXSourcesBuildPhase;
			buildActionMask = 2147483647;
			files = (
				E488A1401C1F7B620041DFCF /* NKTimer.swift in Sources */,
				E488A15F1C1F7C880041DFCF /* GCDAsyncUdpSocket.m in Sources */,
				E4C253DE1C20AF68001B3388 /* main.swift in Sources */,
				E488A1461C1F7B650041DFCF /* NKUrlProtocolLocalFile.swift in Sources */,
				E488A1381C1F7B5E0041DFCF /* NKTypeAlias.swift in Sources */,
				E4C253DA1C20AC64001B3388 /* NKMainMobile.swift in Sources */,
				E488A13D1C1F7B620041DFCF /* NKFileSystem.swift in Sources */,
				E488A1501C1F7BBA0041DFCF /* NKWKViewController.swift in Sources */,
				E488A1361C1F7B5E0041DFCF /* NKJSContextFactory.swift in Sources */,
				E4C253DB1C20ACA3001B3388 /* NKUIAppDelegate.swift in Sources */,
				E488A1471C1F7B650041DFCF /* NKUrlProtocolCustom.swift in Sources */,
				E488A1371C1F7B5E0041DFCF /* NKNodeKit.swift in Sources */,
				E488A1351C1F7B5E0041DFCF /* NKJavaScriptBridge.swift in Sources */,
				E488A1451C1F7B650041DFCF /* NKUrlFileDecode.swift in Sources */,
				E488A13E1C1F7B620041DFCF /* NKSocketTCP.swift in Sources */,
				E488A1591C1F7C880041DFCF /* GCDAsyncSocket.m in Sources */,
				E488A13F1C1F7B620041DFCF /* NKSocketUDP.swift in Sources */,
			);
			runOnlyForDeploymentPostprocessing = 0;
		};
		E4AD89C01C1F828A0043F630 /* Sources */ = {
			isa = PBXSourcesBuildPhase;
			buildActionMask = 2147483647;
			files = (
				E4AD89DF1C1F83270043F630 /* GCDAsyncSocket.m in Sources */,
				E4AD89DA1C1F83190043F630 /* NKSocketUDP.swift in Sources */,
				E4AD89F51C1F85230043F630 /* NKNSAppDelegate.swift in Sources */,
				E4AD89D51C1F83140043F630 /* NKJSContextFactory.swift in Sources */,
				E4AD89DE1C1F831D0043F630 /* NKUrlProtocolCustom.swift in Sources */,
				E4AD89DD1C1F831D0043F630 /* NKUrlProtocolLocalFile.swift in Sources */,
				E4AD89E41C1F83330043F630 /* NKWKWebView.swift in Sources */,
				E4AD89DB1C1F83190043F630 /* NKTimer.swift in Sources */,
				E4AD89DC1C1F831D0043F630 /* NKUrlFileDecode.swift in Sources */,
				E4AD89D71C1F83140043F630 /* NKTypeAlias.swift in Sources */,
				E4C253D31C20A6BC001B3388 /* NKMainDesktop.swift in Sources */,
				E4AD89D41C1F83140043F630 /* NKJavaScriptBridge.swift in Sources */,
				E4AD89D81C1F83190043F630 /* NKFileSystem.swift in Sources */,
				E4AD89E31C1F83330043F630 /* NKUIWebView.swift in Sources */,
				E4AD89D61C1F83140043F630 /* NKNodeKit.swift in Sources */,
				E4C253DF1C20AFC0001B3388 /* main.swift in Sources */,
				E4AD89F41C1F85230043F630 /* NKMenu.swift in Sources */,
				E4AD89E01C1F832A0043F630 /* GCDAsyncUdpSocket.m in Sources */,
				E4AD89D91C1F83190043F630 /* NKSocketTCP.swift in Sources */,
			);
			runOnlyForDeploymentPostprocessing = 0;
		};
/* End PBXSourcesBuildPhase section */

/* Begin XCBuildConfiguration section */
		E411814D1C1F24B4004F97D6 /* Debug */ = {
			isa = XCBuildConfiguration;
			buildSettings = {
				ALWAYS_SEARCH_USER_PATHS = NO;
				CLANG_CXX_LANGUAGE_STANDARD = "gnu++0x";
				CLANG_CXX_LIBRARY = "libc++";
				CLANG_ENABLE_MODULES = YES;
				CLANG_ENABLE_OBJC_ARC = YES;
				CLANG_WARN_BOOL_CONVERSION = YES;
				CLANG_WARN_CONSTANT_CONVERSION = YES;
				CLANG_WARN_DIRECT_OBJC_ISA_USAGE = YES_ERROR;
				CLANG_WARN_EMPTY_BODY = YES;
				CLANG_WARN_ENUM_CONVERSION = YES;
				CLANG_WARN_INT_CONVERSION = YES;
				CLANG_WARN_OBJC_ROOT_CLASS = YES_ERROR;
				CLANG_WARN_UNREACHABLE_CODE = YES;
				CLANG_WARN__DUPLICATE_METHOD_MATCH = YES;
				"CODE_SIGN_IDENTITY[sdk=iphoneos*]" = "iPhone Developer";
				COPY_PHASE_STRIP = NO;
				CURRENT_PROJECT_VERSION = 1;
				DEBUG_INFORMATION_FORMAT = dwarf;
				ENABLE_STRICT_OBJC_MSGSEND = YES;
				ENABLE_TESTABILITY = YES;
				GCC_C_LANGUAGE_STANDARD = gnu99;
				GCC_DYNAMIC_NO_PIC = NO;
				GCC_NO_COMMON_BLOCKS = YES;
				GCC_OPTIMIZATION_LEVEL = 0;
				GCC_PREPROCESSOR_DEFINITIONS = (
					"DEBUG=1",
					"$(inherited)",
				);
				GCC_WARN_64_TO_32_BIT_CONVERSION = YES;
				GCC_WARN_ABOUT_RETURN_TYPE = YES_ERROR;
				GCC_WARN_UNDECLARED_SELECTOR = YES;
				GCC_WARN_UNINITIALIZED_AUTOS = YES_AGGRESSIVE;
				GCC_WARN_UNUSED_FUNCTION = YES;
				GCC_WARN_UNUSED_VARIABLE = YES;
				IPHONEOS_DEPLOYMENT_TARGET = 9.2;
				MTL_ENABLE_DEBUG_INFO = YES;
				ONLY_ACTIVE_ARCH = YES;
				SDKROOT = iphoneos;
				SWIFT_OPTIMIZATION_LEVEL = "-Onone";
				TARGETED_DEVICE_FAMILY = "1,2";
				VERSIONING_SYSTEM = "apple-generic";
				VERSION_INFO_PREFIX = "";
			};
			name = Debug;
		};
		E411814E1C1F24B4004F97D6 /* Release */ = {
			isa = XCBuildConfiguration;
			buildSettings = {
				ALWAYS_SEARCH_USER_PATHS = NO;
				CLANG_CXX_LANGUAGE_STANDARD = "gnu++0x";
				CLANG_CXX_LIBRARY = "libc++";
				CLANG_ENABLE_MODULES = YES;
				CLANG_ENABLE_OBJC_ARC = YES;
				CLANG_WARN_BOOL_CONVERSION = YES;
				CLANG_WARN_CONSTANT_CONVERSION = YES;
				CLANG_WARN_DIRECT_OBJC_ISA_USAGE = YES_ERROR;
				CLANG_WARN_EMPTY_BODY = YES;
				CLANG_WARN_ENUM_CONVERSION = YES;
				CLANG_WARN_INT_CONVERSION = YES;
				CLANG_WARN_OBJC_ROOT_CLASS = YES_ERROR;
				CLANG_WARN_UNREACHABLE_CODE = YES;
				CLANG_WARN__DUPLICATE_METHOD_MATCH = YES;
				"CODE_SIGN_IDENTITY[sdk=iphoneos*]" = "iPhone Developer";
				COPY_PHASE_STRIP = NO;
				CURRENT_PROJECT_VERSION = 1;
				DEBUG_INFORMATION_FORMAT = "dwarf-with-dsym";
				ENABLE_NS_ASSERTIONS = NO;
				ENABLE_STRICT_OBJC_MSGSEND = YES;
				GCC_C_LANGUAGE_STANDARD = gnu99;
				GCC_NO_COMMON_BLOCKS = YES;
				GCC_WARN_64_TO_32_BIT_CONVERSION = YES;
				GCC_WARN_ABOUT_RETURN_TYPE = YES_ERROR;
				GCC_WARN_UNDECLARED_SELECTOR = YES;
				GCC_WARN_UNINITIALIZED_AUTOS = YES_AGGRESSIVE;
				GCC_WARN_UNUSED_FUNCTION = YES;
				GCC_WARN_UNUSED_VARIABLE = YES;
				IPHONEOS_DEPLOYMENT_TARGET = 9.2;
				MTL_ENABLE_DEBUG_INFO = NO;
				SDKROOT = iphoneos;
				TARGETED_DEVICE_FAMILY = "1,2";
				VALIDATE_PRODUCT = YES;
				VERSIONING_SYSTEM = "apple-generic";
				VERSION_INFO_PREFIX = "";
			};
			name = Release;
		};
		E488A0991C1F73170041DFCF /* Debug */ = {
			isa = XCBuildConfiguration;
			buildSettings = {
				CLANG_ENABLE_MODULES = YES;
				DEFINES_MODULE = YES;
				DYLIB_COMPATIBILITY_VERSION = 1;
				DYLIB_CURRENT_VERSION = 1;
				DYLIB_INSTALL_NAME_BASE = "@rpath";
				INFOPLIST_FILE = "$(SRCROOT)/nodekit/platform-ios/Info.plist";
				INSTALL_PATH = "$(LOCAL_LIBRARY_DIR)/Frameworks";
				LD_RUNPATH_SEARCH_PATHS = "$(inherited) @executable_path/Frameworks @loader_path/Frameworks";
				PRODUCT_BUNDLE_IDENTIFIER = io.nodekit.NodeKit.iOS;
				PRODUCT_NAME = NodeKit;
				SKIP_INSTALL = YES;
				SWIFT_OBJC_INTERFACE_HEADER_NAME = "NodeKit-ios-Swift.h";
				SWIFT_OPTIMIZATION_LEVEL = "-Onone";
			};
			name = Debug;
		};
		E488A09A1C1F73170041DFCF /* Release */ = {
			isa = XCBuildConfiguration;
			buildSettings = {
				CLANG_ENABLE_MODULES = YES;
				DEFINES_MODULE = YES;
				DYLIB_COMPATIBILITY_VERSION = 1;
				DYLIB_CURRENT_VERSION = 1;
				DYLIB_INSTALL_NAME_BASE = "@rpath";
				INFOPLIST_FILE = "$(SRCROOT)/nodekit/platform-ios/Info.plist";
				INSTALL_PATH = "$(LOCAL_LIBRARY_DIR)/Frameworks";
				LD_RUNPATH_SEARCH_PATHS = "$(inherited) @executable_path/Frameworks @loader_path/Frameworks";
				PRODUCT_BUNDLE_IDENTIFIER = io.nodekit.NodeKit.iOS;
				PRODUCT_NAME = NodeKit;
				SKIP_INSTALL = YES;
				SWIFT_OBJC_INTERFACE_HEADER_NAME = "NodeKit-ios-Swift.h";
			};
			name = Release;
		};
		E488A0A61C1F736E0041DFCF /* Debug */ = {
			isa = XCBuildConfiguration;
			buildSettings = {
				CLANG_ENABLE_MODULES = YES;
				CODE_SIGN_IDENTITY = "-";
				COMBINE_HIDPI_IMAGES = YES;
				DEFINES_MODULE = YES;
				DYLIB_COMPATIBILITY_VERSION = 1;
				DYLIB_CURRENT_VERSION = 1;
				DYLIB_INSTALL_NAME_BASE = "@rpath";
				FRAMEWORK_VERSION = A;
				INFOPLIST_FILE = "$(SRCROOT)/nodekit/platform-darwin/Info.plist";
				INSTALL_PATH = "$(LOCAL_LIBRARY_DIR)/Frameworks";
				LD_RUNPATH_SEARCH_PATHS = "$(inherited) @executable_path/../Frameworks @loader_path/Frameworks";
				MACOSX_DEPLOYMENT_TARGET = 10.11;
				PRODUCT_BUNDLE_IDENTIFIER = io.nodekit.NodeKit.Mac;
				PRODUCT_NAME = NodeKit;
				SDKROOT = macosx;
				SKIP_INSTALL = YES;
				SWIFT_OBJC_INTERFACE_HEADER_NAME = "NodeKit-Mac-Swift.h";
				SWIFT_OPTIMIZATION_LEVEL = "-Onone";
			};
			name = Debug;
		};
		E488A0A71C1F736E0041DFCF /* Release */ = {
			isa = XCBuildConfiguration;
			buildSettings = {
				CLANG_ENABLE_MODULES = YES;
				CODE_SIGN_IDENTITY = "-";
				COMBINE_HIDPI_IMAGES = YES;
				DEFINES_MODULE = YES;
				DYLIB_COMPATIBILITY_VERSION = 1;
				DYLIB_CURRENT_VERSION = 1;
				DYLIB_INSTALL_NAME_BASE = "@rpath";
				FRAMEWORK_VERSION = A;
				INFOPLIST_FILE = "$(SRCROOT)/nodekit/platform-darwin/Info.plist";
				INSTALL_PATH = "$(LOCAL_LIBRARY_DIR)/Frameworks";
				LD_RUNPATH_SEARCH_PATHS = "$(inherited) @executable_path/../Frameworks @loader_path/Frameworks";
				MACOSX_DEPLOYMENT_TARGET = 10.11;
				PRODUCT_BUNDLE_IDENTIFIER = io.nodekit.NodeKit.Mac;
				PRODUCT_NAME = NodeKit;
				SDKROOT = macosx;
				SKIP_INSTALL = YES;
				SWIFT_OBJC_INTERFACE_HEADER_NAME = "NodeKit-Mac-Swift.h";
			};
			name = Release;
		};
		E488A0BC1C1F74250041DFCF /* Debug */ = {
			isa = XCBuildConfiguration;
			buildSettings = {
				ASSETCATALOG_COMPILER_APPICON_NAME = AppIcon;
				CLANG_ENABLE_MODULES = YES;
				INFOPLIST_FILE = "$(SRCROOT)/nodekit-sample/platform-ios/Info.plist";
				LD_RUNPATH_SEARCH_PATHS = "$(inherited) @executable_path/Frameworks";
				PRODUCT_BUNDLE_IDENTIFIER = "io.nodekit.nodekit-sample";
				PRODUCT_NAME = "nodekit-sample";
				SWIFT_OBJC_BRIDGING_HEADER = "nodekit/common/objective-c/NodeKit-Bridging-Header.h";
				SWIFT_OPTIMIZATION_LEVEL = "-Onone";
			};
			name = Debug;
		};
		E488A0BD1C1F74250041DFCF /* Release */ = {
			isa = XCBuildConfiguration;
			buildSettings = {
				ASSETCATALOG_COMPILER_APPICON_NAME = AppIcon;
				CLANG_ENABLE_MODULES = YES;
				INFOPLIST_FILE = "$(SRCROOT)/nodekit-sample/platform-ios/Info.plist";
				LD_RUNPATH_SEARCH_PATHS = "$(inherited) @executable_path/Frameworks";
				PRODUCT_BUNDLE_IDENTIFIER = "io.nodekit.nodekit-sample";
				PRODUCT_NAME = "nodekit-sample";
				SWIFT_OBJC_BRIDGING_HEADER = "nodekit/common/objective-c/NodeKit-Bridging-Header.h";
			};
			name = Release;
		};
		E4AD89CF1C1F828B0043F630 /* Debug */ = {
			isa = XCBuildConfiguration;
			buildSettings = {
				ASSETCATALOG_COMPILER_APPICON_NAME = AppIcon;
				CODE_SIGN_IDENTITY = "-";
				COMBINE_HIDPI_IMAGES = YES;
				INFOPLIST_FILE = "$(SRCROOT)/nodekit-sample/platform-darwin/Info.plist";
				LD_RUNPATH_SEARCH_PATHS = "$(inherited) @executable_path/../Frameworks";
				MACOSX_DEPLOYMENT_TARGET = 10.11;
				PRODUCT_BUNDLE_IDENTIFIER = "io.nodekit.nodekit-sample";
				PRODUCT_NAME = "nodekit-sample";
				SDKROOT = macosx;
				SWIFT_OBJC_BRIDGING_HEADER = "nodekit/common/objective-c/NodeKit-Bridging-Header.h";
			};
			name = Debug;
		};
		E4AD89D01C1F828B0043F630 /* Release */ = {
			isa = XCBuildConfiguration;
			buildSettings = {
				ASSETCATALOG_COMPILER_APPICON_NAME = AppIcon;
				CODE_SIGN_IDENTITY = "-";
				COMBINE_HIDPI_IMAGES = YES;
				INFOPLIST_FILE = "$(SRCROOT)/nodekit-sample/platform-darwin/Info.plist";
				LD_RUNPATH_SEARCH_PATHS = "$(inherited) @executable_path/../Frameworks";
				MACOSX_DEPLOYMENT_TARGET = 10.11;
				PRODUCT_BUNDLE_IDENTIFIER = "io.nodekit.nodekit-sample";
				PRODUCT_NAME = "nodekit-sample";
				SDKROOT = macosx;
				SWIFT_OBJC_BRIDGING_HEADER = "nodekit/common/objective-c/NodeKit-Bridging-Header.h";
			};
			name = Release;
		};
/* End XCBuildConfiguration section */

/* Begin XCConfigurationList section */
		E41181411C1F24B4004F97D6 /* Build configuration list for PBXProject "nodekit" */ = {
			isa = XCConfigurationList;
			buildConfigurations = (
				E411814D1C1F24B4004F97D6 /* Debug */,
				E411814E1C1F24B4004F97D6 /* Release */,
			);
			defaultConfigurationIsVisible = 0;
			defaultConfigurationName = Release;
		};
		E488A0981C1F73170041DFCF /* Build configuration list for PBXNativeTarget "nodekit-iOS" */ = {
			isa = XCConfigurationList;
			buildConfigurations = (
				E488A0991C1F73170041DFCF /* Debug */,
				E488A09A1C1F73170041DFCF /* Release */,
			);
			defaultConfigurationIsVisible = 0;
			defaultConfigurationName = Release;
		};
		E488A0A51C1F736E0041DFCF /* Build configuration list for PBXNativeTarget "nodekit-Mac" */ = {
			isa = XCConfigurationList;
			buildConfigurations = (
				E488A0A61C1F736E0041DFCF /* Debug */,
				E488A0A71C1F736E0041DFCF /* Release */,
			);
			defaultConfigurationIsVisible = 0;
			defaultConfigurationName = Release;
		};
		E488A0BB1C1F74250041DFCF /* Build configuration list for PBXNativeTarget "nodekit-sample-iOS" */ = {
			isa = XCConfigurationList;
			buildConfigurations = (
				E488A0BC1C1F74250041DFCF /* Debug */,
				E488A0BD1C1F74250041DFCF /* Release */,
			);
			defaultConfigurationIsVisible = 0;
			defaultConfigurationName = Release;
		};
		E4AD89CE1C1F828B0043F630 /* Build configuration list for PBXNativeTarget "nodekit-sample-Mac" */ = {
			isa = XCConfigurationList;
			buildConfigurations = (
				E4AD89CF1C1F828B0043F630 /* Debug */,
				E4AD89D01C1F828B0043F630 /* Release */,
			);
			defaultConfigurationIsVisible = 0;
			defaultConfigurationName = Release;
		};
/* End XCConfigurationList section */
	};
	rootObject = E411813E1C1F24B4004F97D6 /* Project object */;
}
