// !$*UTF8*$!
{
	archiveVersion = 1;
	classes = {
	};
	objectVersion = 46;
	objects = {

/* Begin PBXBuildFile section */
		E409C9D11C1DF1E500DFB5E8 /* app in Resources */ = {isa = PBXBuildFile; fileRef = E409C9D01C1DF1E500DFB5E8 /* app */; };
		E409C9D31C1DF1F700DFB5E8 /* default in Resources */ = {isa = PBXBuildFile; fileRef = E409C9D21C1DF1F700DFB5E8 /* default */; };
		E409C9D41C1DF1F700DFB5E8 /* default in Resources */ = {isa = PBXBuildFile; fileRef = E409C9D21C1DF1F700DFB5E8 /* default */; };
		E409C9D51C1DF1FC00DFB5E8 /* app in Resources */ = {isa = PBXBuildFile; fileRef = E409C9D01C1DF1E500DFB5E8 /* app */; };
		E409C9D71C1DF21C00DFB5E8 /* test in Resources */ = {isa = PBXBuildFile; fileRef = E409C9D61C1DF21C00DFB5E8 /* test */; };
		E409C9D81C1DF21C00DFB5E8 /* test in Resources */ = {isa = PBXBuildFile; fileRef = E409C9D61C1DF21C00DFB5E8 /* test */; };
		E409C9E01C1DF2CB00DFB5E8 /* splash in Resources */ = {isa = PBXBuildFile; fileRef = E409C9DF1C1DF2CB00DFB5E8 /* splash */; };
		E409C9E11C1DF2CB00DFB5E8 /* splash in Resources */ = {isa = PBXBuildFile; fileRef = E409C9DF1C1DF2CB00DFB5E8 /* splash */; };
		E409C9F91C1DF31100DFB5E8 /* NKJSContextFactory.swift in Sources */ = {isa = PBXBuildFile; fileRef = E409C9EF1C1DF31100DFB5E8 /* NKJSContextFactory.swift */; };
		E409C9FA1C1DF31100DFB5E8 /* NKNodekit.swift in Sources */ = {isa = PBXBuildFile; fileRef = E409C9F01C1DF31100DFB5E8 /* NKNodekit.swift */; };
		E409C9FB1C1DF31100DFB5E8 /* NKWKViewController.swift in Sources */ = {isa = PBXBuildFile; fileRef = E409C9F11C1DF31100DFB5E8 /* NKWKViewController.swift */; };
		E409C9FC1C1DF31100DFB5E8 /* Launch Screen.storyboard in Resources */ = {isa = PBXBuildFile; fileRef = E409C9F21C1DF31100DFB5E8 /* Launch Screen.storyboard */; };
		E409C9FD1C1DF31100DFB5E8 /* AppDelegate.swift in Sources */ = {isa = PBXBuildFile; fileRef = E409C9F31C1DF31100DFB5E8 /* AppDelegate.swift */; };
		E409C9FE1C1DF31100DFB5E8 /* NKUrlProtocolLocalFile.swift in Sources */ = {isa = PBXBuildFile; fileRef = E409C9F41C1DF31100DFB5E8 /* NKUrlProtocolLocalFile.swift */; };
		E409C9FF1C1DF31100DFB5E8 /* NKUrlProtocolCustom.swift in Sources */ = {isa = PBXBuildFile; fileRef = E409C9F51C1DF31100DFB5E8 /* NKUrlProtocolCustom.swift */; };
		E409CA021C1DF31100DFB5E8 /* NKUrlFileDecode.swift in Sources */ = {isa = PBXBuildFile; fileRef = E409C9F81C1DF31100DFB5E8 /* NKUrlFileDecode.swift */; };
		E409CA101C1DF3DA00DFB5E8 /* Assets.xcassets in Resources */ = {isa = PBXBuildFile; fileRef = E409CA0E1C1DF3DA00DFB5E8 /* Assets.xcassets */; };
		E409CA111C1DF3DA00DFB5E8 /* Info.plist in Resources */ = {isa = PBXBuildFile; fileRef = E409CA0F1C1DF3DA00DFB5E8 /* Info.plist */; };
		E409CA161C1DF3F500DFB5E8 /* NodeKitMac.entitlements in Resources */ = {isa = PBXBuildFile; fileRef = E409CA131C1DF3F500DFB5E8 /* NodeKitMac.entitlements */; };
		E409CA171C1DF3F500DFB5E8 /* NodeKitIcons.icns in Resources */ = {isa = PBXBuildFile; fileRef = E409CA141C1DF3F500DFB5E8 /* NodeKitIcons.icns */; };
		E409CA2D1C1DF42100DFB5E8 /* NKUrlProtocolLocalFile.swift in Sources */ = {isa = PBXBuildFile; fileRef = E409CA231C1DF42100DFB5E8 /* NKUrlProtocolLocalFile.swift */; };
		E409CA2E1C1DF42100DFB5E8 /* NKWKWebView.swift in Sources */ = {isa = PBXBuildFile; fileRef = E409CA241C1DF42100DFB5E8 /* NKWKWebView.swift */; };
		E409CA2F1C1DF42100DFB5E8 /* NKUrlProtocolCustom.swift in Sources */ = {isa = PBXBuildFile; fileRef = E409CA251C1DF42100DFB5E8 /* NKUrlProtocolCustom.swift */; };
		E409CA301C1DF42100DFB5E8 /* NKUIWebView.swift in Sources */ = {isa = PBXBuildFile; fileRef = E409CA261C1DF42100DFB5E8 /* NKUIWebView.swift */; };
		E409CA311C1DF42100DFB5E8 /* NKNodekit.swift in Sources */ = {isa = PBXBuildFile; fileRef = E409CA271C1DF42100DFB5E8 /* NKNodekit.swift */; };
		E409CA331C1DF42100DFB5E8 /* NKUrlFileDecode.swift in Sources */ = {isa = PBXBuildFile; fileRef = E409CA291C1DF42100DFB5E8 /* NKUrlFileDecode.swift */; };
		E409CA341C1DF42100DFB5E8 /* main.swift in Sources */ = {isa = PBXBuildFile; fileRef = E409CA2A1C1DF42100DFB5E8 /* main.swift */; };
		E409CA351C1DF42100DFB5E8 /* NKJSContextFactory.swift in Sources */ = {isa = PBXBuildFile; fileRef = E409CA2B1C1DF42100DFB5E8 /* NKJSContextFactory.swift */; };
		E409CA361C1DF42100DFB5E8 /* NKMenu.swift in Sources */ = {isa = PBXBuildFile; fileRef = E409CA2C1C1DF42100DFB5E8 /* NKMenu.swift */; };
		E409CA3C1C1DF56B00DFB5E8 /* NKFileSystem.swift in Sources */ = {isa = PBXBuildFile; fileRef = E409CA381C1DF56B00DFB5E8 /* NKFileSystem.swift */; };
		E409CA3D1C1DF56B00DFB5E8 /* NKSocketTCP.swift in Sources */ = {isa = PBXBuildFile; fileRef = E409CA391C1DF56B00DFB5E8 /* NKSocketTCP.swift */; };
		E409CA3E1C1DF56B00DFB5E8 /* NKSocketUDP.swift in Sources */ = {isa = PBXBuildFile; fileRef = E409CA3A1C1DF56B00DFB5E8 /* NKSocketUDP.swift */; };
		E409CA3F1C1DF56B00DFB5E8 /* NKTimer.swift in Sources */ = {isa = PBXBuildFile; fileRef = E409CA3B1C1DF56B00DFB5E8 /* NKTimer.swift */; };
		E409CA451C1DF5AD00DFB5E8 /* NKFileSystem.swift in Sources */ = {isa = PBXBuildFile; fileRef = E409CA411C1DF5AD00DFB5E8 /* NKFileSystem.swift */; };
		E409CA461C1DF5AD00DFB5E8 /* NKSocketTCP.swift in Sources */ = {isa = PBXBuildFile; fileRef = E409CA421C1DF5AD00DFB5E8 /* NKSocketTCP.swift */; };
		E409CA471C1DF5AD00DFB5E8 /* NKSocketUDP.swift in Sources */ = {isa = PBXBuildFile; fileRef = E409CA431C1DF5AD00DFB5E8 /* NKSocketUDP.swift */; };
		E409CA481C1DF5AD00DFB5E8 /* NKTimer.swift in Sources */ = {isa = PBXBuildFile; fileRef = E409CA441C1DF5AD00DFB5E8 /* NKTimer.swift */; };
		E409CA531C1DF81C00DFB5E8 /* NKJavascriptBridge.m in Sources */ = {isa = PBXBuildFile; fileRef = E409CA4D1C1DF81C00DFB5E8 /* NKJavascriptBridge.m */; };
		E409CA541C1DF81C00DFB5E8 /* NKJavascriptBridge.m in Sources */ = {isa = PBXBuildFile; fileRef = E409CA4D1C1DF81C00DFB5E8 /* NKJavascriptBridge.m */; };
		E409CA551C1DF81C00DFB5E8 /* GCDAsyncSocket.m in Sources */ = {isa = PBXBuildFile; fileRef = E409CA501C1DF81C00DFB5E8 /* GCDAsyncSocket.m */; };
		E409CA561C1DF81C00DFB5E8 /* GCDAsyncSocket.m in Sources */ = {isa = PBXBuildFile; fileRef = E409CA501C1DF81C00DFB5E8 /* GCDAsyncSocket.m */; };
		E409CA571C1DF81C00DFB5E8 /* GCDAsyncUdpSocket.m in Sources */ = {isa = PBXBuildFile; fileRef = E409CA521C1DF81C00DFB5E8 /* GCDAsyncUdpSocket.m */; };
		E409CA581C1DF81C00DFB5E8 /* GCDAsyncUdpSocket.m in Sources */ = {isa = PBXBuildFile; fileRef = E409CA521C1DF81C00DFB5E8 /* GCDAsyncUdpSocket.m */; };
		E409CA5A1C1DFB4500DFB5E8 /* lib in Resources */ = {isa = PBXBuildFile; fileRef = E409CA591C1DFB4500DFB5E8 /* lib */; };
		E409CA5B1C1DFB4500DFB5E8 /* lib in Resources */ = {isa = PBXBuildFile; fileRef = E409CA591C1DFB4500DFB5E8 /* lib */; };
/* End PBXBuildFile section */

/* Begin PBXFileReference section */
		E409C9921C1DE9B400DFB5E8 /* nodekit.app */ = {isa = PBXFileReference; explicitFileType = wrapper.application; includeInIndex = 0; path = nodekit.app; sourceTree = BUILT_PRODUCTS_DIR; };
		E409C9AC1C1DEA9100DFB5E8 /* nodekit.app */ = {isa = PBXFileReference; explicitFileType = wrapper.application; includeInIndex = 0; path = nodekit.app; sourceTree = BUILT_PRODUCTS_DIR; };
		E409C9D01C1DF1E500DFB5E8 /* app */ = {isa = PBXFileReference; lastKnownFileType = folder; path = app; sourceTree = "<group>"; };
		E409C9D21C1DF1F700DFB5E8 /* default */ = {isa = PBXFileReference; lastKnownFileType = folder; path = default; sourceTree = "<group>"; };
		E409C9D61C1DF21C00DFB5E8 /* test */ = {isa = PBXFileReference; lastKnownFileType = folder; path = test; sourceTree = "<group>"; };
		E409C9DF1C1DF2CB00DFB5E8 /* splash */ = {isa = PBXFileReference; lastKnownFileType = folder; name = splash; path = nodekit/common/splash; sourceTree = "<group>"; };
		E409C9EF1C1DF31100DFB5E8 /* NKJSContextFactory.swift */ = {isa = PBXFileReference; fileEncoding = 4; lastKnownFileType = sourcecode.swift; name = NKJSContextFactory.swift; path = nodekit/ios/swift/NKJSContextFactory.swift; sourceTree = "<group>"; };
		E409C9F01C1DF31100DFB5E8 /* NKNodekit.swift */ = {isa = PBXFileReference; fileEncoding = 4; lastKnownFileType = sourcecode.swift; name = NKNodekit.swift; path = nodekit/ios/swift/NKNodekit.swift; sourceTree = "<group>"; };
		E409C9F11C1DF31100DFB5E8 /* NKWKViewController.swift */ = {isa = PBXFileReference; fileEncoding = 4; lastKnownFileType = sourcecode.swift; name = NKWKViewController.swift; path = nodekit/ios/swift/NKWKViewController.swift; sourceTree = "<group>"; };
		E409C9F21C1DF31100DFB5E8 /* Launch Screen.storyboard */ = {isa = PBXFileReference; fileEncoding = 4; lastKnownFileType = file.storyboard; name = "Launch Screen.storyboard"; path = "nodekit/ios/swift/Launch Screen.storyboard"; sourceTree = "<group>"; };
		E409C9F31C1DF31100DFB5E8 /* AppDelegate.swift */ = {isa = PBXFileReference; fileEncoding = 4; lastKnownFileType = sourcecode.swift; name = AppDelegate.swift; path = nodekit/ios/swift/AppDelegate.swift; sourceTree = "<group>"; };
		E409C9F41C1DF31100DFB5E8 /* NKUrlProtocolLocalFile.swift */ = {isa = PBXFileReference; fileEncoding = 4; lastKnownFileType = sourcecode.swift; name = NKUrlProtocolLocalFile.swift; path = nodekit/ios/swift/NKUrlProtocolLocalFile.swift; sourceTree = "<group>"; };
		E409C9F51C1DF31100DFB5E8 /* NKUrlProtocolCustom.swift */ = {isa = PBXFileReference; fileEncoding = 4; lastKnownFileType = sourcecode.swift; name = NKUrlProtocolCustom.swift; path = nodekit/ios/swift/NKUrlProtocolCustom.swift; sourceTree = "<group>"; };
		E409C9F81C1DF31100DFB5E8 /* NKUrlFileDecode.swift */ = {isa = PBXFileReference; fileEncoding = 4; lastKnownFileType = sourcecode.swift; name = NKUrlFileDecode.swift; path = nodekit/ios/swift/NKUrlFileDecode.swift; sourceTree = "<group>"; };
		E409CA0E1C1DF3DA00DFB5E8 /* Assets.xcassets */ = {isa = PBXFileReference; lastKnownFileType = folder.assetcatalog; name = Assets.xcassets; path = nodekit/ios/Assets.xcassets; sourceTree = "<group>"; };
		E409CA0F1C1DF3DA00DFB5E8 /* Info.plist */ = {isa = PBXFileReference; fileEncoding = 4; lastKnownFileType = text.plist.xml; name = Info.plist; path = nodekit/ios/Info.plist; sourceTree = "<group>"; };
		E409CA121C1DF3F500DFB5E8 /* Info.plist */ = {isa = PBXFileReference; fileEncoding = 4; lastKnownFileType = text.plist.xml; name = Info.plist; path = nodekit/darwin/Info.plist; sourceTree = "<group>"; };
		E409CA131C1DF3F500DFB5E8 /* NodeKitMac.entitlements */ = {isa = PBXFileReference; fileEncoding = 4; lastKnownFileType = text.xml; name = NodeKitMac.entitlements; path = nodekit/darwin/NodeKitMac.entitlements; sourceTree = "<group>"; };
		E409CA141C1DF3F500DFB5E8 /* NodeKitIcons.icns */ = {isa = PBXFileReference; lastKnownFileType = image.icns; name = NodeKitIcons.icns; path = nodekit/darwin/NodeKitIcons.icns; sourceTree = "<group>"; };
		E409CA231C1DF42100DFB5E8 /* NKUrlProtocolLocalFile.swift */ = {isa = PBXFileReference; fileEncoding = 4; lastKnownFileType = sourcecode.swift; name = NKUrlProtocolLocalFile.swift; path = nodekit/darwin/swift/NKUrlProtocolLocalFile.swift; sourceTree = "<group>"; };
		E409CA241C1DF42100DFB5E8 /* NKWKWebView.swift */ = {isa = PBXFileReference; fileEncoding = 4; lastKnownFileType = sourcecode.swift; name = NKWKWebView.swift; path = nodekit/darwin/swift/NKWKWebView.swift; sourceTree = "<group>"; };
		E409CA251C1DF42100DFB5E8 /* NKUrlProtocolCustom.swift */ = {isa = PBXFileReference; fileEncoding = 4; lastKnownFileType = sourcecode.swift; name = NKUrlProtocolCustom.swift; path = nodekit/darwin/swift/NKUrlProtocolCustom.swift; sourceTree = "<group>"; };
		E409CA261C1DF42100DFB5E8 /* NKUIWebView.swift */ = {isa = PBXFileReference; fileEncoding = 4; lastKnownFileType = sourcecode.swift; name = NKUIWebView.swift; path = nodekit/darwin/swift/NKUIWebView.swift; sourceTree = "<group>"; };
		E409CA271C1DF42100DFB5E8 /* NKNodekit.swift */ = {isa = PBXFileReference; fileEncoding = 4; lastKnownFileType = sourcecode.swift; name = NKNodekit.swift; path = nodekit/darwin/swift/NKNodekit.swift; sourceTree = "<group>"; };
		E409CA291C1DF42100DFB5E8 /* NKUrlFileDecode.swift */ = {isa = PBXFileReference; fileEncoding = 4; lastKnownFileType = sourcecode.swift; name = NKUrlFileDecode.swift; path = nodekit/darwin/swift/NKUrlFileDecode.swift; sourceTree = "<group>"; };
		E409CA2A1C1DF42100DFB5E8 /* main.swift */ = {isa = PBXFileReference; fileEncoding = 4; lastKnownFileType = sourcecode.swift; name = main.swift; path = nodekit/darwin/swift/main.swift; sourceTree = "<group>"; };
		E409CA2B1C1DF42100DFB5E8 /* NKJSContextFactory.swift */ = {isa = PBXFileReference; fileEncoding = 4; lastKnownFileType = sourcecode.swift; name = NKJSContextFactory.swift; path = nodekit/darwin/swift/NKJSContextFactory.swift; sourceTree = "<group>"; };
		E409CA2C1C1DF42100DFB5E8 /* NKMenu.swift */ = {isa = PBXFileReference; fileEncoding = 4; lastKnownFileType = sourcecode.swift; name = NKMenu.swift; path = nodekit/darwin/swift/NKMenu.swift; sourceTree = "<group>"; };
		E409CA381C1DF56B00DFB5E8 /* NKFileSystem.swift */ = {isa = PBXFileReference; fileEncoding = 4; lastKnownFileType = sourcecode.swift; path = NKFileSystem.swift; sourceTree = "<group>"; };
		E409CA391C1DF56B00DFB5E8 /* NKSocketTCP.swift */ = {isa = PBXFileReference; fileEncoding = 4; lastKnownFileType = sourcecode.swift; path = NKSocketTCP.swift; sourceTree = "<group>"; };
		E409CA3A1C1DF56B00DFB5E8 /* NKSocketUDP.swift */ = {isa = PBXFileReference; fileEncoding = 4; lastKnownFileType = sourcecode.swift; path = NKSocketUDP.swift; sourceTree = "<group>"; };
		E409CA3B1C1DF56B00DFB5E8 /* NKTimer.swift */ = {isa = PBXFileReference; fileEncoding = 4; lastKnownFileType = sourcecode.swift; path = NKTimer.swift; sourceTree = "<group>"; };
		E409CA411C1DF5AD00DFB5E8 /* NKFileSystem.swift */ = {isa = PBXFileReference; fileEncoding = 4; lastKnownFileType = sourcecode.swift; path = NKFileSystem.swift; sourceTree = "<group>"; };
		E409CA421C1DF5AD00DFB5E8 /* NKSocketTCP.swift */ = {isa = PBXFileReference; fileEncoding = 4; lastKnownFileType = sourcecode.swift; path = NKSocketTCP.swift; sourceTree = "<group>"; };
		E409CA431C1DF5AD00DFB5E8 /* NKSocketUDP.swift */ = {isa = PBXFileReference; fileEncoding = 4; lastKnownFileType = sourcecode.swift; path = NKSocketUDP.swift; sourceTree = "<group>"; };
		E409CA441C1DF5AD00DFB5E8 /* NKTimer.swift */ = {isa = PBXFileReference; fileEncoding = 4; lastKnownFileType = sourcecode.swift; path = NKTimer.swift; sourceTree = "<group>"; };
		E409CA4A1C1DF6C600DFB5E8 /* nodekit-ios-Bridging-Header.h */ = {isa = PBXFileReference; fileEncoding = 4; lastKnownFileType = sourcecode.c.h; name = "nodekit-ios-Bridging-Header.h"; path = "nodekit/ios/swift/nodekit-ios-Bridging-Header.h"; sourceTree = "<group>"; };
		E409CA4B1C1DF6FC00DFB5E8 /* nodekit-mac-Bridging-Header.h */ = {isa = PBXFileReference; fileEncoding = 4; lastKnownFileType = sourcecode.c.h; name = "nodekit-mac-Bridging-Header.h"; path = "nodekit/darwin/swift/nodekit-mac-Bridging-Header.h"; sourceTree = "<group>"; };
		E409CA4D1C1DF81C00DFB5E8 /* NKJavascriptBridge.m */ = {isa = PBXFileReference; fileEncoding = 4; lastKnownFileType = sourcecode.c.objc; name = NKJavascriptBridge.m; path = "nodekit/common/objective-c/NKJavascriptBridge.m"; sourceTree = "<group>"; };
		E409CA4E1C1DF81C00DFB5E8 /* NKJavascriptBridge.h */ = {isa = PBXFileReference; fileEncoding = 4; lastKnownFileType = sourcecode.c.h; name = NKJavascriptBridge.h; path = "nodekit/common/objective-c/NKJavascriptBridge.h"; sourceTree = "<group>"; };
		E409CA4F1C1DF81C00DFB5E8 /* GCDAsyncSocket.h */ = {isa = PBXFileReference; fileEncoding = 4; lastKnownFileType = sourcecode.c.h; name = GCDAsyncSocket.h; path = "nodekit/common/objective-c/GCDAsyncSocket.h"; sourceTree = "<group>"; };
		E409CA501C1DF81C00DFB5E8 /* GCDAsyncSocket.m */ = {isa = PBXFileReference; fileEncoding = 4; lastKnownFileType = sourcecode.c.objc; name = GCDAsyncSocket.m; path = "nodekit/common/objective-c/GCDAsyncSocket.m"; sourceTree = "<group>"; };
		E409CA511C1DF81C00DFB5E8 /* GCDAsyncUdpSocket.h */ = {isa = PBXFileReference; fileEncoding = 4; lastKnownFileType = sourcecode.c.h; name = GCDAsyncUdpSocket.h; path = "nodekit/common/objective-c/GCDAsyncUdpSocket.h"; sourceTree = "<group>"; };
		E409CA521C1DF81C00DFB5E8 /* GCDAsyncUdpSocket.m */ = {isa = PBXFileReference; fileEncoding = 4; lastKnownFileType = sourcecode.c.objc; name = GCDAsyncUdpSocket.m; path = "nodekit/common/objective-c/GCDAsyncUdpSocket.m"; sourceTree = "<group>"; };
		E409CA591C1DFB4500DFB5E8 /* lib */ = {isa = PBXFileReference; lastKnownFileType = folder; name = lib; path = nodekit/common/lib; sourceTree = "<group>"; };
/* End PBXFileReference section */

/* Begin PBXFrameworksBuildPhase section */
		E409C98F1C1DE9B400DFB5E8 /* Frameworks */ = {
			isa = PBXFrameworksBuildPhase;
			buildActionMask = 2147483647;
			files = (
			);
			runOnlyForDeploymentPostprocessing = 0;
		};
		E409C9A91C1DEA9100DFB5E8 /* Frameworks */ = {
			isa = PBXFrameworksBuildPhase;
			buildActionMask = 2147483647;
			files = (
			);
			runOnlyForDeploymentPostprocessing = 0;
		};
/* End PBXFrameworksBuildPhase section */

/* Begin PBXGroup section */
		E409C9891C1DE9B400DFB5E8 = {
			isa = PBXGroup;
			children = (
				E409C9D01C1DF1E500DFB5E8 /* app */,
				E409C9D21C1DF1F700DFB5E8 /* default */,
				E409C9D61C1DF21C00DFB5E8 /* test */,
				E409C9C51C1DEE1300DFB5E8 /* nodekit */,
				E409C9931C1DE9B400DFB5E8 /* Products */,
			);
			sourceTree = "<group>";
		};
		E409C9931C1DE9B400DFB5E8 /* Products */ = {
			isa = PBXGroup;
			children = (
				E409C9921C1DE9B400DFB5E8 /* nodekit.app */,
				E409C9AC1C1DEA9100DFB5E8 /* nodekit.app */,
			);
			name = Products;
			sourceTree = "<group>";
		};
		E409C9C51C1DEE1300DFB5E8 /* nodekit */ = {
			isa = PBXGroup;
			children = (
				E409C9C81C1DEE2700DFB5E8 /* common */,
				E409C9C71C1DEE2100DFB5E8 /* darwin */,
				E409C9C61C1DEE1B00DFB5E8 /* ios */,
			);
			name = nodekit;
			sourceTree = "<group>";
		};
		E409C9C61C1DEE1B00DFB5E8 /* ios */ = {
			isa = PBXGroup;
			children = (
				E409CA0E1C1DF3DA00DFB5E8 /* Assets.xcassets */,
				E409CA0F1C1DF3DA00DFB5E8 /* Info.plist */,
				E409C9F21C1DF31100DFB5E8 /* Launch Screen.storyboard */,
				E409C9CA1C1DF17500DFB5E8 /* swift */,
			);
			name = ios;
			sourceTree = "<group>";
		};
		E409C9C71C1DEE2100DFB5E8 /* darwin */ = {
			isa = PBXGroup;
			children = (
				E409CA121C1DF3F500DFB5E8 /* Info.plist */,
				E409CA131C1DF3F500DFB5E8 /* NodeKitMac.entitlements */,
				E409CA141C1DF3F500DFB5E8 /* NodeKitIcons.icns */,
				E409C9CC1C1DF18400DFB5E8 /* swift */,
			);
			name = darwin;
			sourceTree = "<group>";
		};
		E409C9C81C1DEE2700DFB5E8 /* common */ = {
			isa = PBXGroup;
			children = (
				E409CA591C1DFB4500DFB5E8 /* lib */,
				E409C9DF1C1DF2CB00DFB5E8 /* splash */,
				E409CA4C1C1DF79C00DFB5E8 /* objective-c */,
			);
			name = common;
			sourceTree = "<group>";
		};
		E409C9CA1C1DF17500DFB5E8 /* swift */ = {
			isa = PBXGroup;
			children = (
				E409CA4A1C1DF6C600DFB5E8 /* nodekit-ios-Bridging-Header.h */,
				E409CA371C1DF56B00DFB5E8 /* bindings */,
				E409C9F31C1DF31100DFB5E8 /* AppDelegate.swift */,
				E409C9EF1C1DF31100DFB5E8 /* NKJSContextFactory.swift */,
				E409C9F01C1DF31100DFB5E8 /* NKNodekit.swift */,
				E409C9F41C1DF31100DFB5E8 /* NKUrlProtocolLocalFile.swift */,
				E409C9F51C1DF31100DFB5E8 /* NKUrlProtocolCustom.swift */,
				E409C9F11C1DF31100DFB5E8 /* NKWKViewController.swift */,
				E409C9F81C1DF31100DFB5E8 /* NKUrlFileDecode.swift */,
			);
			name = swift;
			sourceTree = "<group>";
		};
		E409C9CC1C1DF18400DFB5E8 /* swift */ = {
			isa = PBXGroup;
			children = (
				E409CA4B1C1DF6FC00DFB5E8 /* nodekit-mac-Bridging-Header.h */,
				E409CA401C1DF5AD00DFB5E8 /* bindings */,
				E409CA231C1DF42100DFB5E8 /* NKUrlProtocolLocalFile.swift */,
				E409CA241C1DF42100DFB5E8 /* NKWKWebView.swift */,
				E409CA251C1DF42100DFB5E8 /* NKUrlProtocolCustom.swift */,
				E409CA261C1DF42100DFB5E8 /* NKUIWebView.swift */,
				E409CA271C1DF42100DFB5E8 /* NKNodekit.swift */,
				E409CA291C1DF42100DFB5E8 /* NKUrlFileDecode.swift */,
				E409CA2A1C1DF42100DFB5E8 /* main.swift */,
				E409CA2B1C1DF42100DFB5E8 /* NKJSContextFactory.swift */,
				E409CA2C1C1DF42100DFB5E8 /* NKMenu.swift */,
			);
			name = swift;
			sourceTree = "<group>";
		};
		E409CA371C1DF56B00DFB5E8 /* bindings */ = {
			isa = PBXGroup;
			children = (
				E409CA381C1DF56B00DFB5E8 /* NKFileSystem.swift */,
				E409CA391C1DF56B00DFB5E8 /* NKSocketTCP.swift */,
				E409CA3A1C1DF56B00DFB5E8 /* NKSocketUDP.swift */,
				E409CA3B1C1DF56B00DFB5E8 /* NKTimer.swift */,
			);
			name = bindings;
			path = nodekit/ios/swift/bindings;
			sourceTree = "<group>";
		};
		E409CA401C1DF5AD00DFB5E8 /* bindings */ = {
			isa = PBXGroup;
			children = (
				E409CA411C1DF5AD00DFB5E8 /* NKFileSystem.swift */,
				E409CA421C1DF5AD00DFB5E8 /* NKSocketTCP.swift */,
				E409CA431C1DF5AD00DFB5E8 /* NKSocketUDP.swift */,
				E409CA441C1DF5AD00DFB5E8 /* NKTimer.swift */,
			);
			name = bindings;
			path = nodekit/darwin/swift/bindings;
			sourceTree = "<group>";
		};
		E409CA4C1C1DF79C00DFB5E8 /* objective-c */ = {
			isa = PBXGroup;
			children = (
				E409CA4D1C1DF81C00DFB5E8 /* NKJavascriptBridge.m */,
				E409CA4E1C1DF81C00DFB5E8 /* NKJavascriptBridge.h */,
				E409CA4F1C1DF81C00DFB5E8 /* GCDAsyncSocket.h */,
				E409CA501C1DF81C00DFB5E8 /* GCDAsyncSocket.m */,
				E409CA511C1DF81C00DFB5E8 /* GCDAsyncUdpSocket.h */,
				E409CA521C1DF81C00DFB5E8 /* GCDAsyncUdpSocket.m */,
			);
			name = "objective-c";
			sourceTree = "<group>";
		};
/* End PBXGroup section */

/* Begin PBXNativeTarget section */
		E409C9911C1DE9B400DFB5E8 /* nodekit-ios */ = {
			isa = PBXNativeTarget;
			buildConfigurationList = E409C9A41C1DE9B400DFB5E8 /* Build configuration list for PBXNativeTarget "nodekit-ios" */;
			buildPhases = (
				E409C98E1C1DE9B400DFB5E8 /* Sources */,
				E409C98F1C1DE9B400DFB5E8 /* Frameworks */,
				E409C9901C1DE9B400DFB5E8 /* Resources */,
			);
			buildRules = (
			);
			dependencies = (
			);
			name = "nodekit-ios";
			productName = nodekit;
			productReference = E409C9921C1DE9B400DFB5E8 /* nodekit.app */;
			productType = "com.apple.product-type.application";
		};
		E409C9AB1C1DEA9100DFB5E8 /* nodekit-mac */ = {
			isa = PBXNativeTarget;
			buildConfigurationList = E409C9B61C1DEA9100DFB5E8 /* Build configuration list for PBXNativeTarget "nodekit-mac" */;
			buildPhases = (
				E409C9A81C1DEA9100DFB5E8 /* Sources */,
				E409C9A91C1DEA9100DFB5E8 /* Frameworks */,
				E409C9AA1C1DEA9100DFB5E8 /* Resources */,
			);
			buildRules = (
			);
			dependencies = (
			);
			name = "nodekit-mac";
			productName = "nodekit-mac";
			productReference = E409C9AC1C1DEA9100DFB5E8 /* nodekit.app */;
			productType = "com.apple.product-type.application";
		};
/* End PBXNativeTarget section */

/* Begin PBXProject section */
		E409C98A1C1DE9B400DFB5E8 /* Project object */ = {
			isa = PBXProject;
			attributes = {
				LastSwiftUpdateCheck = 0720;
				LastUpgradeCheck = 0720;
				ORGANIZATIONNAME = limerun;
				TargetAttributes = {
					E409C9911C1DE9B400DFB5E8 = {
						CreatedOnToolsVersion = 7.2;
					};
					E409C9AB1C1DEA9100DFB5E8 = {
						CreatedOnToolsVersion = 7.2;
					};
				};
			};
			buildConfigurationList = E409C98D1C1DE9B400DFB5E8 /* Build configuration list for PBXProject "nodekit" */;
			compatibilityVersion = "Xcode 3.2";
			developmentRegion = English;
			hasScannedForEncodings = 0;
			knownRegions = (
				en,
				Base,
			);
			mainGroup = E409C9891C1DE9B400DFB5E8;
			productRefGroup = E409C9931C1DE9B400DFB5E8 /* Products */;
			projectDirPath = "";
			projectRoot = "";
			targets = (
				E409C9911C1DE9B400DFB5E8 /* nodekit-ios */,
				E409C9AB1C1DEA9100DFB5E8 /* nodekit-mac */,
			);
		};
/* End PBXProject section */

/* Begin PBXResourcesBuildPhase section */
		E409C9901C1DE9B400DFB5E8 /* Resources */ = {
			isa = PBXResourcesBuildPhase;
			buildActionMask = 2147483647;
			files = (
				E409C9FC1C1DF31100DFB5E8 /* Launch Screen.storyboard in Resources */,
				E409CA111C1DF3DA00DFB5E8 /* Info.plist in Resources */,
				E409CA5A1C1DFB4500DFB5E8 /* lib in Resources */,
				E409C9E01C1DF2CB00DFB5E8 /* splash in Resources */,
				E409C9D31C1DF1F700DFB5E8 /* default in Resources */,
				E409C9D11C1DF1E500DFB5E8 /* app in Resources */,
				E409CA101C1DF3DA00DFB5E8 /* Assets.xcassets in Resources */,
				E409C9D71C1DF21C00DFB5E8 /* test in Resources */,
			);
			runOnlyForDeploymentPostprocessing = 0;
		};
		E409C9AA1C1DEA9100DFB5E8 /* Resources */ = {
			isa = PBXResourcesBuildPhase;
			buildActionMask = 2147483647;
			files = (
				E409C9E11C1DF2CB00DFB5E8 /* splash in Resources */,
				E409CA161C1DF3F500DFB5E8 /* NodeKitMac.entitlements in Resources */,
				E409CA5B1C1DFB4500DFB5E8 /* lib in Resources */,
				E409C9D51C1DF1FC00DFB5E8 /* app in Resources */,
				E409C9D41C1DF1F700DFB5E8 /* default in Resources */,
				E409CA171C1DF3F500DFB5E8 /* NodeKitIcons.icns in Resources */,
				E409C9D81C1DF21C00DFB5E8 /* test in Resources */,
			);
			runOnlyForDeploymentPostprocessing = 0;
		};
/* End PBXResourcesBuildPhase section */

/* Begin PBXSourcesBuildPhase section */
		E409C98E1C1DE9B400DFB5E8 /* Sources */ = {
			isa = PBXSourcesBuildPhase;
			buildActionMask = 2147483647;
			files = (
				E409CA531C1DF81C00DFB5E8 /* NKJavascriptBridge.m in Sources */,
				E409CA551C1DF81C00DFB5E8 /* GCDAsyncSocket.m in Sources */,
				E409C9FE1C1DF31100DFB5E8 /* NKUrlProtocolLocalFile.swift in Sources */,
				E409C9FF1C1DF31100DFB5E8 /* NKUrlProtocolCustom.swift in Sources */,
				E409CA571C1DF81C00DFB5E8 /* GCDAsyncUdpSocket.m in Sources */,
				E409C9F91C1DF31100DFB5E8 /* NKJSContextFactory.swift in Sources */,
				E409CA3D1C1DF56B00DFB5E8 /* NKSocketTCP.swift in Sources */,
				E409CA3E1C1DF56B00DFB5E8 /* NKSocketUDP.swift in Sources */,
				E409C9FB1C1DF31100DFB5E8 /* NKWKViewController.swift in Sources */,
				E409CA3F1C1DF56B00DFB5E8 /* NKTimer.swift in Sources */,
				E409C9FD1C1DF31100DFB5E8 /* AppDelegate.swift in Sources */,
				E409CA021C1DF31100DFB5E8 /* NKUrlFileDecode.swift in Sources */,
				E409C9FA1C1DF31100DFB5E8 /* NKNodekit.swift in Sources */,
				E409CA3C1C1DF56B00DFB5E8 /* NKFileSystem.swift in Sources */,
			);
			runOnlyForDeploymentPostprocessing = 0;
		};
		E409C9A81C1DEA9100DFB5E8 /* Sources */ = {
			isa = PBXSourcesBuildPhase;
			buildActionMask = 2147483647;
			files = (
				E409CA2E1C1DF42100DFB5E8 /* NKWKWebView.swift in Sources */,
				E409CA311C1DF42100DFB5E8 /* NKNodekit.swift in Sources */,
				E409CA481C1DF5AD00DFB5E8 /* NKTimer.swift in Sources */,
				E409CA451C1DF5AD00DFB5E8 /* NKFileSystem.swift in Sources */,
				E409CA2D1C1DF42100DFB5E8 /* NKUrlProtocolLocalFile.swift in Sources */,
				E409CA471C1DF5AD00DFB5E8 /* NKSocketUDP.swift in Sources */,
				E409CA561C1DF81C00DFB5E8 /* GCDAsyncSocket.m in Sources */,
				E409CA331C1DF42100DFB5E8 /* NKUrlFileDecode.swift in Sources */,
				E409CA461C1DF5AD00DFB5E8 /* NKSocketTCP.swift in Sources */,
				E409CA301C1DF42100DFB5E8 /* NKUIWebView.swift in Sources */,
				E409CA341C1DF42100DFB5E8 /* main.swift in Sources */,
				E409CA351C1DF42100DFB5E8 /* NKJSContextFactory.swift in Sources */,
				E409CA581C1DF81C00DFB5E8 /* GCDAsyncUdpSocket.m in Sources */,
				E409CA361C1DF42100DFB5E8 /* NKMenu.swift in Sources */,
				E409CA541C1DF81C00DFB5E8 /* NKJavascriptBridge.m in Sources */,
				E409CA2F1C1DF42100DFB5E8 /* NKUrlProtocolCustom.swift in Sources */,
			);
			runOnlyForDeploymentPostprocessing = 0;
		};
/* End PBXSourcesBuildPhase section */

/* Begin XCBuildConfiguration section */
		E409C9A21C1DE9B400DFB5E8 /* Debug */ = {
			isa = XCBuildConfiguration;
			buildSettings = {
				ALWAYS_SEARCH_USER_PATHS = NO;
				CLANG_CXX_LANGUAGE_STANDARD = "gnu++0x";
				CLANG_CXX_LIBRARY = "libc++";
				CLANG_ENABLE_MODULES = YES;
				CLANG_ENABLE_OBJC_ARC = YES;
				CLANG_WARN_BOOL_CONVERSION = YES;
				CLANG_WARN_CONSTANT_CONVERSION = YES;
				CLANG_WARN_DIRECT_OBJC_ISA_USAGE = YES_ERROR;
				CLANG_WARN_EMPTY_BODY = YES;
				CLANG_WARN_ENUM_CONVERSION = YES;
				CLANG_WARN_INT_CONVERSION = YES;
				CLANG_WARN_OBJC_ROOT_CLASS = YES_ERROR;
				CLANG_WARN_UNREACHABLE_CODE = YES;
				CLANG_WARN__DUPLICATE_METHOD_MATCH = YES;
				"CODE_SIGN_IDENTITY[sdk=iphoneos*]" = "iPhone Developer";
				COPY_PHASE_STRIP = NO;
				DEBUG_INFORMATION_FORMAT = dwarf;
				ENABLE_STRICT_OBJC_MSGSEND = YES;
				ENABLE_TESTABILITY = YES;
				GCC_C_LANGUAGE_STANDARD = gnu99;
				GCC_DYNAMIC_NO_PIC = NO;
				GCC_NO_COMMON_BLOCKS = YES;
				GCC_OPTIMIZATION_LEVEL = 0;
				GCC_PREPROCESSOR_DEFINITIONS = (
					"DEBUG=1",
					"$(inherited)",
				);
				GCC_WARN_64_TO_32_BIT_CONVERSION = YES;
				GCC_WARN_ABOUT_RETURN_TYPE = YES_ERROR;
				GCC_WARN_UNDECLARED_SELECTOR = YES;
				GCC_WARN_UNINITIALIZED_AUTOS = YES_AGGRESSIVE;
				GCC_WARN_UNUSED_FUNCTION = YES;
				GCC_WARN_UNUSED_VARIABLE = YES;
				IPHONEOS_DEPLOYMENT_TARGET = 9.2;
				MTL_ENABLE_DEBUG_INFO = YES;
				ONLY_ACTIVE_ARCH = YES;
				SDKROOT = iphoneos;
				SWIFT_OPTIMIZATION_LEVEL = "-Onone";
				TARGETED_DEVICE_FAMILY = "1,2";
			};
			name = Debug;
		};
		E409C9A31C1DE9B400DFB5E8 /* Release */ = {
			isa = XCBuildConfiguration;
			buildSettings = {
				ALWAYS_SEARCH_USER_PATHS = NO;
				CLANG_CXX_LANGUAGE_STANDARD = "gnu++0x";
				CLANG_CXX_LIBRARY = "libc++";
				CLANG_ENABLE_MODULES = YES;
				CLANG_ENABLE_OBJC_ARC = YES;
				CLANG_WARN_BOOL_CONVERSION = YES;
				CLANG_WARN_CONSTANT_CONVERSION = YES;
				CLANG_WARN_DIRECT_OBJC_ISA_USAGE = YES_ERROR;
				CLANG_WARN_EMPTY_BODY = YES;
				CLANG_WARN_ENUM_CONVERSION = YES;
				CLANG_WARN_INT_CONVERSION = YES;
				CLANG_WARN_OBJC_ROOT_CLASS = YES_ERROR;
				CLANG_WARN_UNREACHABLE_CODE = YES;
				CLANG_WARN__DUPLICATE_METHOD_MATCH = YES;
				"CODE_SIGN_IDENTITY[sdk=iphoneos*]" = "iPhone Developer";
				COPY_PHASE_STRIP = NO;
				DEBUG_INFORMATION_FORMAT = "dwarf-with-dsym";
				ENABLE_NS_ASSERTIONS = NO;
				ENABLE_STRICT_OBJC_MSGSEND = YES;
				GCC_C_LANGUAGE_STANDARD = gnu99;
				GCC_NO_COMMON_BLOCKS = YES;
				GCC_WARN_64_TO_32_BIT_CONVERSION = YES;
				GCC_WARN_ABOUT_RETURN_TYPE = YES_ERROR;
				GCC_WARN_UNDECLARED_SELECTOR = YES;
				GCC_WARN_UNINITIALIZED_AUTOS = YES_AGGRESSIVE;
				GCC_WARN_UNUSED_FUNCTION = YES;
				GCC_WARN_UNUSED_VARIABLE = YES;
				IPHONEOS_DEPLOYMENT_TARGET = 9.2;
				MTL_ENABLE_DEBUG_INFO = NO;
				SDKROOT = iphoneos;
				TARGETED_DEVICE_FAMILY = "1,2";
				VALIDATE_PRODUCT = YES;
			};
			name = Release;
		};
		E409C9A51C1DE9B400DFB5E8 /* Debug */ = {
			isa = XCBuildConfiguration;
			buildSettings = {
				ASSETCATALOG_COMPILER_APPICON_NAME = AppIcon;
				CLANG_ENABLE_MODULES = YES;
				INFOPLIST_FILE = nodekit/ios/Info.plist;
				LD_RUNPATH_SEARCH_PATHS = "$(inherited) @executable_path/Frameworks";
				PRODUCT_BUNDLE_IDENTIFIER = "com.limerun.nodekit-ios";
				PRODUCT_NAME = nodekit;
				SWIFT_OBJC_BRIDGING_HEADER = "nodekit/ios/swift/nodekit-ios-Bridging-Header.h";
				SWIFT_OPTIMIZATION_LEVEL = "-Onone";
			};
			name = Debug;
		};
		E409C9A61C1DE9B400DFB5E8 /* Release */ = {
			isa = XCBuildConfiguration;
			buildSettings = {
				ASSETCATALOG_COMPILER_APPICON_NAME = AppIcon;
				CLANG_ENABLE_MODULES = YES;
				INFOPLIST_FILE = nodekit/ios/Info.plist;
				LD_RUNPATH_SEARCH_PATHS = "$(inherited) @executable_path/Frameworks";
				PRODUCT_BUNDLE_IDENTIFIER = "com.limerun.nodekit-ios";
				PRODUCT_NAME = nodekit;
				SWIFT_OBJC_BRIDGING_HEADER = "nodekit/ios/swift/nodekit-ios-Bridging-Header.h";
			};
			name = Release;
		};
		E409C9B71C1DEA9100DFB5E8 /* Debug */ = {
			isa = XCBuildConfiguration;
			buildSettings = {
				ASSETCATALOG_COMPILER_APPICON_NAME = AppIcon;
				CLANG_ENABLE_MODULES = YES;
				CODE_SIGN_IDENTITY = "-";
				COMBINE_HIDPI_IMAGES = YES;
				INFOPLIST_FILE = nodekit/darwin/Info.plist;
				LD_RUNPATH_SEARCH_PATHS = "$(inherited) @executable_path/../Frameworks";
				MACOSX_DEPLOYMENT_TARGET = 10.11;
				PRODUCT_BUNDLE_IDENTIFIER = "com.limerun.nodekit-mac";
				PRODUCT_NAME = nodekit;
				SDKROOT = macosx;
				SWIFT_OBJC_BRIDGING_HEADER = "nodekit/darwin/swift/nodekit-mac-Bridging-Header.h";
				SWIFT_OPTIMIZATION_LEVEL = "-Onone";
			};
			name = Debug;
		};
		E409C9B81C1DEA9100DFB5E8 /* Release */ = {
			isa = XCBuildConfiguration;
			buildSettings = {
				ASSETCATALOG_COMPILER_APPICON_NAME = AppIcon;
				CLANG_ENABLE_MODULES = YES;
				CODE_SIGN_IDENTITY = "-";
				COMBINE_HIDPI_IMAGES = YES;
				INFOPLIST_FILE = nodekit/darwin/Info.plist;
				LD_RUNPATH_SEARCH_PATHS = "$(inherited) @executable_path/../Frameworks";
				MACOSX_DEPLOYMENT_TARGET = 10.11;
				PRODUCT_BUNDLE_IDENTIFIER = "com.limerun.nodekit-mac";
				PRODUCT_NAME = nodekit;
				SDKROOT = macosx;
				SWIFT_OBJC_BRIDGING_HEADER = "nodekit/darwin/swift/nodekit-mac-Bridging-Header.h";
			};
			name = Release;
		};
/* End XCBuildConfiguration section */

/* Begin XCConfigurationList section */
		E409C98D1C1DE9B400DFB5E8 /* Build configuration list for PBXProject "nodekit" */ = {
			isa = XCConfigurationList;
			buildConfigurations = (
				E409C9A21C1DE9B400DFB5E8 /* Debug */,
				E409C9A31C1DE9B400DFB5E8 /* Release */,
			);
			defaultConfigurationIsVisible = 0;
			defaultConfigurationName = Release;
		};
		E409C9A41C1DE9B400DFB5E8 /* Build configuration list for PBXNativeTarget "nodekit-ios" */ = {
			isa = XCConfigurationList;
			buildConfigurations = (
				E409C9A51C1DE9B400DFB5E8 /* Debug */,
				E409C9A61C1DE9B400DFB5E8 /* Release */,
			);
			defaultConfigurationIsVisible = 0;
			defaultConfigurationName = Release;
		};
		E409C9B61C1DEA9100DFB5E8 /* Build configuration list for PBXNativeTarget "nodekit-mac" */ = {
			isa = XCConfigurationList;
			buildConfigurations = (
				E409C9B71C1DEA9100DFB5E8 /* Debug */,
				E409C9B81C1DEA9100DFB5E8 /* Release */,
			);
			defaultConfigurationIsVisible = 0;
			defaultConfigurationName = Release;
		};
/* End XCConfigurationList section */
	};
	rootObject = E409C98A1C1DE9B400DFB5E8 /* Project object */;
}
